<?xml version="1.0" encoding="utf-8"?>
<Project ToolsVersion="4.0" xmlns="http://schemas.microsoft.com/developer/msbuild/2003">
  <ItemGroup>
    <Filter Include="Source Files">
      <UniqueIdentifier>{33b3d8b5-6450-49c7-a82a-71743658e45b}</UniqueIdentifier>
    </Filter>
    <Filter Include="Header Files">
      <UniqueIdentifier>{99d76030-eb8e-4b47-be8e-d7f7af907d1b}</UniqueIdentifier>
    </Filter>
  </ItemGroup>
  <ItemGroup>
    <ClInclude Include="include\DocumentFilters.h">
      <Filter>Header Files</Filter>
    </ClInclude>
    <ClInclude Include="include\DocumentFiltersObjects.h">
      <Filter>Header Files</Filter>
    </ClInclude>
    <ClInclude Include="src\DocFiltersAnnotations.h">
      <Filter>Source Files</Filter>
    </ClInclude>
    <ClInclude Include="src\DocFiltersCommon.h">
      <Filter>Source Files</Filter>
    </ClInclude>
  </ItemGroup>
  <ItemGroup>
    <ClCompile Include="src\DocFiltersAnnotations.cpp">
      <Filter>Source Files</Filter>
    </ClCompile>
    <ClCompile Include="src\DocFiltersBookmark.cpp">
      <Filter>Source Files</Filter>
    </ClCompile>
    <ClCompile Include="src\DocFiltersCanvas.cpp">
      <Filter>Source Files</Filter>
    </ClCompile>
    <ClCompile Include="src\DocFiltersCommon.cpp">
      <Filter>Source Files</Filter>
    </ClCompile>
    <ClCompile Include="src\DocFiltersCompareDocumentSettings.cpp">
      <Filter>Source Files</Filter>
    </ClCompile>
    <ClCompile Include="src\DocFiltersCompareDocumentSource.cpp">
      <Filter>Source Files</Filter>
    </ClCompile>
    <ClCompile Include="src\DocFiltersCompareResultDifference.cpp">
      <Filter>Source Files</Filter>
    </ClCompile>
    <ClCompile Include="src\DocFiltersCompareResultDifferenceDetail.cpp">
      <Filter>Source Files</Filter>
    </ClCompile>
    <ClCompile Include="src\DocFiltersCompareResults.cpp">
      <Filter>Source Files</Filter>
    </ClCompile>
    <ClCompile Include="src\DocFiltersCompareSettings.cpp">
      <Filter>Source Files</Filter>
    </ClCompile>
    <ClCompile Include="src\DocFiltersDateTime.cpp">
      <Filter>Source Files</Filter>
    </ClCompile>
    <ClCompile Include="src\DocFiltersExtractor.cpp">
      <Filter>Source Files</Filter>
    </ClCompile>
    <ClCompile Include="src\DocFiltersFormat.cpp">
      <Filter>Source Files</Filter>
    </ClCompile>
    <ClCompile Include="src\DocFiltersFormElement.cpp">
      <Filter>Source Files</Filter>
    </ClCompile>
    <ClCompile Include="src\DocFiltersHyperlink.cpp">
      <Filter>Source Files</Filter>
    </ClCompile>
    <ClCompile Include="src\DocFiltersOption.cpp">
      <Filter>Source Files</Filter>
    </ClCompile>
    <ClCompile Include="src\DocFiltersPage.cpp">
      <Filter>Source Files</Filter>
    </ClCompile>
    <ClCompile Include="src\DocFiltersPageElement.cpp">
      <Filter>Source Files</Filter>
    </ClCompile>
    <ClCompile Include="src\DocFiltersPagePixels.cpp">
      <Filter>Source Files</Filter>
    </ClCompile>
    <ClCompile Include="src\DocFiltersRenderPageProperties.cpp">
      <Filter>Source Files</Filter>
    </ClCompile>
    <ClCompile Include="src\DocFiltersStreams.cpp">
      <Filter>Source Files</Filter>
    </ClCompile>
    <ClCompile Include="src\DocFiltersStrings.cpp">
      <Filter>Source Files</Filter>
    </ClCompile>
    <ClCompile Include="src\DocFiltersSubFile.cpp">
      <Filter>Source Files</Filter>
    </ClCompile>
    <ClCompile Include="src\DocFiltersWord.cpp">
      <Filter>Source Files</Filter>
    </ClCompile>
    <ClCompile Include="src\DocumentFiltersObjects.cpp">
      <Filter>Source Files</Filter>
    </ClCompile>
    <ClCompile Include="src\DocFiltersOcrStyleInfo.cpp">
      <Filter>Source Files</Filter>
    </ClCompile>
    <ClCompile Include="src\DocFiltersOcrImage.cpp">
      <Filter>Source Files</Filter>
    </ClCompile>
  </ItemGroup>
  <ItemGroup>
    <None Include=".editorconfig" />
  </ItemGroup>
</Project>