
Microsoft Visual Studio Solution File, Format Version 12.00
# Visual Studio Version 17
VisualStudioVersion = 17.3.32811.315
MinimumVisualStudioVersion = 10.0.40219.1
Project("{778DAE3C-4631-46EA-AA77-85C1314464D9}") = "ConvertDocumentToTIFF", "vb.net\ConvertDocumentToTIFF\ConvertDocumentToTIFF.vbproj", "{1AA43DF1-88CA-4F69-8ECF-5B42FBAE5EE7}"
EndProject
Project("{778DAE3C-4631-46EA-AA77-85C1314464D9}") = "ConvertDocumentToHDHTML", "vb.net\ConvertDocumentToHDHTML\ConvertDocumentToHDHTML.vbproj", "{ECB8FBEF-1245-43FB-8E2C-132ACCB45BA6}"
EndProject
Project("{778DAE3C-4631-46EA-AA77-85C1314464D9}") = "ConvertDocumentToThumbnail", "vb.net\ConvertDocumentToThumbnail\ConvertDocumentToThumbnail.vbproj", "{A047BCCA-869E-49D7-9EB5-7B38377BE2F4}"
EndProject
Project("{778DAE3C-4631-46EA-AA77-85C1314464D9}") = "ConvertDocumentToPDF", "vb.net\ConvertDocumentToPDF\ConvertDocumentToPDF.vbproj", "{D13546B8-C235-4795-885C-EC7799DCB0AF}"
EndProject
Project("{778DAE3C-4631-46EA-AA77-85C1314464D9}") = "ConvertDocumentToPNG", "vb.net\ConvertDocumentToPNG\ConvertDocumentToPNG.vbproj", "{0520CDEC-84BF-4D28-B571-1345FC988C73}"
EndProject
Project("{778DAE3C-4631-46EA-AA77-85C1314464D9}") = "ConvertDocument", "vb.net\ConvertDocument\ConvertDocument.vbproj", "{D210DD62-0528-4C97-97DD-55066DA44278}"
EndProject
Project("{778DAE3C-4631-46EA-AA77-85C1314464D9}") = "ConvertDocumentToTIFFFromMemory", "vb.net\ConvertDocumentToTIFFFromMemory\ConvertDocumentToTIFFFromMemory.vbproj", "{56DF020D-237B-4A85-99DA-8F327C996860}"
EndProject
Project("{778DAE3C-4631-46EA-AA77-85C1314464D9}") = "ConvertDocumentToTIFFStream", "vb.net\ConvertDocumentToTIFFStream\ConvertDocumentToTIFFStream.vbproj", "{7EE3B892-7237-4745-ABF8-DBF733AFA30D}"
EndProject
Project("{778DAE3C-4631-46EA-AA77-85C1314464D9}") = "ConvertDocumentToStructuredXML", "vb.net\ConvertDocumentToStructuredXML\ConvertDocumentToStructuredXML.vbproj", "{0EA463AD-0542-42B0-A7F7-D50542E2B91A}"
EndProject
Project("{778DAE3C-4631-46EA-AA77-85C1314464D9}") = "GetDocumentWords", "vb.net\GetDocumentWords\GetDocumentWords.vbproj", "{C06D7758-7BC9-4AE3-97CE-3AD11F5B2C9D}"
EndProject
Project("{778DAE3C-4631-46EA-AA77-85C1314464D9}") = "DfSamplesCommon", "vb.net\DfSamplesCommon\DfSamplesCommon.vbproj", "{8666ED2C-331C-4894-8DF2-6ECEC1395F1D}"
EndProject
Global
	GlobalSection(SolutionConfigurationPlatforms) = preSolution
		Debug|Any CPU = Debug|Any CPU
		Debug|x64 = Debug|x64
		Debug|x86 = Debug|x86
		Debug|zAny CPU = Debug|zAny CPU
		Release|Any CPU = Release|Any CPU
		Release|x64 = Release|x64
		Release|x86 = Release|x86
		Release|zAny CPU = Release|zAny CPU
	EndGlobalSection
	GlobalSection(ProjectConfigurationPlatforms) = postSolution
		{1AA43DF1-88CA-4F69-8ECF-5B42FBAE5EE7}.Debug|Any CPU.ActiveCfg = Debug|Any CPU
		{1AA43DF1-88CA-4F69-8ECF-5B42FBAE5EE7}.Debug|Any CPU.Build.0 = Debug|Any CPU
		{1AA43DF1-88CA-4F69-8ECF-5B42FBAE5EE7}.Debug|x64.ActiveCfg = Debug|x64
		{1AA43DF1-88CA-4F69-8ECF-5B42FBAE5EE7}.Debug|x64.Build.0 = Debug|x64
		{1AA43DF1-88CA-4F69-8ECF-5B42FBAE5EE7}.Debug|x86.ActiveCfg = Debug|x86
		{1AA43DF1-88CA-4F69-8ECF-5B42FBAE5EE7}.Debug|x86.Build.0 = Debug|x86
		{1AA43DF1-88CA-4F69-8ECF-5B42FBAE5EE7}.Debug|zAny CPU.ActiveCfg = Debug|Any CPU
		{1AA43DF1-88CA-4F69-8ECF-5B42FBAE5EE7}.Debug|zAny CPU.Build.0 = Debug|Any CPU
		{1AA43DF1-88CA-4F69-8ECF-5B42FBAE5EE7}.Release|Any CPU.ActiveCfg = Release|Any CPU
		{1AA43DF1-88CA-4F69-8ECF-5B42FBAE5EE7}.Release|Any CPU.Build.0 = Release|Any CPU
		{1AA43DF1-88CA-4F69-8ECF-5B42FBAE5EE7}.Release|x64.ActiveCfg = Release|x64
		{1AA43DF1-88CA-4F69-8ECF-5B42FBAE5EE7}.Release|x64.Build.0 = Release|x64
		{1AA43DF1-88CA-4F69-8ECF-5B42FBAE5EE7}.Release|x86.ActiveCfg = Release|x86
		{1AA43DF1-88CA-4F69-8ECF-5B42FBAE5EE7}.Release|x86.Build.0 = Release|x86
		{1AA43DF1-88CA-4F69-8ECF-5B42FBAE5EE7}.Release|zAny CPU.ActiveCfg = Release|Any CPU
		{1AA43DF1-88CA-4F69-8ECF-5B42FBAE5EE7}.Release|zAny CPU.Build.0 = Release|Any CPU
		{ECB8FBEF-1245-43FB-8E2C-132ACCB45BA6}.Debug|Any CPU.ActiveCfg = Debug|Any CPU
		{ECB8FBEF-1245-43FB-8E2C-132ACCB45BA6}.Debug|Any CPU.Build.0 = Debug|Any CPU
		{ECB8FBEF-1245-43FB-8E2C-132ACCB45BA6}.Debug|x64.ActiveCfg = Debug|x64
		{ECB8FBEF-1245-43FB-8E2C-132ACCB45BA6}.Debug|x64.Build.0 = Debug|x64
		{ECB8FBEF-1245-43FB-8E2C-132ACCB45BA6}.Debug|x86.ActiveCfg = Debug|x86
		{ECB8FBEF-1245-43FB-8E2C-132ACCB45BA6}.Debug|x86.Build.0 = Debug|x86
		{ECB8FBEF-1245-43FB-8E2C-132ACCB45BA6}.Debug|zAny CPU.ActiveCfg = Debug|Any CPU
		{ECB8FBEF-1245-43FB-8E2C-132ACCB45BA6}.Debug|zAny CPU.Build.0 = Debug|Any CPU
		{ECB8FBEF-1245-43FB-8E2C-132ACCB45BA6}.Release|Any CPU.ActiveCfg = Release|Any CPU
		{ECB8FBEF-1245-43FB-8E2C-132ACCB45BA6}.Release|Any CPU.Build.0 = Release|Any CPU
		{ECB8FBEF-1245-43FB-8E2C-132ACCB45BA6}.Release|x64.ActiveCfg = Release|x64
		{ECB8FBEF-1245-43FB-8E2C-132ACCB45BA6}.Release|x64.Build.0 = Release|x64
		{ECB8FBEF-1245-43FB-8E2C-132ACCB45BA6}.Release|x86.ActiveCfg = Release|x86
		{ECB8FBEF-1245-43FB-8E2C-132ACCB45BA6}.Release|x86.Build.0 = Release|x86
		{ECB8FBEF-1245-43FB-8E2C-132ACCB45BA6}.Release|zAny CPU.ActiveCfg = Release|Any CPU
		{ECB8FBEF-1245-43FB-8E2C-132ACCB45BA6}.Release|zAny CPU.Build.0 = Release|Any CPU
		{A047BCCA-869E-49D7-9EB5-7B38377BE2F4}.Debug|Any CPU.ActiveCfg = Debug|Any CPU
		{A047BCCA-869E-49D7-9EB5-7B38377BE2F4}.Debug|Any CPU.Build.0 = Debug|Any CPU
		{A047BCCA-869E-49D7-9EB5-7B38377BE2F4}.Debug|x64.ActiveCfg = Debug|x64
		{A047BCCA-869E-49D7-9EB5-7B38377BE2F4}.Debug|x64.Build.0 = Debug|x64
		{A047BCCA-869E-49D7-9EB5-7B38377BE2F4}.Debug|x86.ActiveCfg = Debug|x86
		{A047BCCA-869E-49D7-9EB5-7B38377BE2F4}.Debug|x86.Build.0 = Debug|x86
		{A047BCCA-869E-49D7-9EB5-7B38377BE2F4}.Debug|zAny CPU.ActiveCfg = Debug|Any CPU
		{A047BCCA-869E-49D7-9EB5-7B38377BE2F4}.Debug|zAny CPU.Build.0 = Debug|Any CPU
		{A047BCCA-869E-49D7-9EB5-7B38377BE2F4}.Release|Any CPU.ActiveCfg = Release|Any CPU
		{A047BCCA-869E-49D7-9EB5-7B38377BE2F4}.Release|Any CPU.Build.0 = Release|Any CPU
		{A047BCCA-869E-49D7-9EB5-7B38377BE2F4}.Release|x64.ActiveCfg = Release|x64
		{A047BCCA-869E-49D7-9EB5-7B38377BE2F4}.Release|x64.Build.0 = Release|x64
		{A047BCCA-869E-49D7-9EB5-7B38377BE2F4}.Release|x86.ActiveCfg = Release|x86
		{A047BCCA-869E-49D7-9EB5-7B38377BE2F4}.Release|x86.Build.0 = Release|x86
		{A047BCCA-869E-49D7-9EB5-7B38377BE2F4}.Release|zAny CPU.ActiveCfg = Release|Any CPU
		{A047BCCA-869E-49D7-9EB5-7B38377BE2F4}.Release|zAny CPU.Build.0 = Release|Any CPU
		{D13546B8-C235-4795-885C-EC7799DCB0AF}.Debug|Any CPU.ActiveCfg = Debug|Any CPU
		{D13546B8-C235-4795-885C-EC7799DCB0AF}.Debug|Any CPU.Build.0 = Debug|Any CPU
		{D13546B8-C235-4795-885C-EC7799DCB0AF}.Debug|x64.ActiveCfg = Debug|x64
		{D13546B8-C235-4795-885C-EC7799DCB0AF}.Debug|x64.Build.0 = Debug|x64
		{D13546B8-C235-4795-885C-EC7799DCB0AF}.Debug|x86.ActiveCfg = Debug|x86
		{D13546B8-C235-4795-885C-EC7799DCB0AF}.Debug|x86.Build.0 = Debug|x86
		{D13546B8-C235-4795-885C-EC7799DCB0AF}.Debug|zAny CPU.ActiveCfg = Debug|Any CPU
		{D13546B8-C235-4795-885C-EC7799DCB0AF}.Debug|zAny CPU.Build.0 = Debug|Any CPU
		{D13546B8-C235-4795-885C-EC7799DCB0AF}.Release|Any CPU.ActiveCfg = Release|Any CPU
		{D13546B8-C235-4795-885C-EC7799DCB0AF}.Release|Any CPU.Build.0 = Release|Any CPU
		{D13546B8-C235-4795-885C-EC7799DCB0AF}.Release|x64.ActiveCfg = Release|x64
		{D13546B8-C235-4795-885C-EC7799DCB0AF}.Release|x64.Build.0 = Release|x64
		{D13546B8-C235-4795-885C-EC7799DCB0AF}.Release|x86.ActiveCfg = Release|x86
		{D13546B8-C235-4795-885C-EC7799DCB0AF}.Release|x86.Build.0 = Release|x86
		{D13546B8-C235-4795-885C-EC7799DCB0AF}.Release|zAny CPU.ActiveCfg = Release|Any CPU
		{D13546B8-C235-4795-885C-EC7799DCB0AF}.Release|zAny CPU.Build.0 = Release|Any CPU
		{0520CDEC-84BF-4D28-B571-1345FC988C73}.Debug|Any CPU.ActiveCfg = Debug|Any CPU
		{0520CDEC-84BF-4D28-B571-1345FC988C73}.Debug|Any CPU.Build.0 = Debug|Any CPU
		{0520CDEC-84BF-4D28-B571-1345FC988C73}.Debug|x64.ActiveCfg = Debug|x64
		{0520CDEC-84BF-4D28-B571-1345FC988C73}.Debug|x64.Build.0 = Debug|x64
		{0520CDEC-84BF-4D28-B571-1345FC988C73}.Debug|x86.ActiveCfg = Debug|x86
		{0520CDEC-84BF-4D28-B571-1345FC988C73}.Debug|x86.Build.0 = Debug|x86
		{0520CDEC-84BF-4D28-B571-1345FC988C73}.Debug|zAny CPU.ActiveCfg = Debug|Any CPU
		{0520CDEC-84BF-4D28-B571-1345FC988C73}.Debug|zAny CPU.Build.0 = Debug|Any CPU
		{0520CDEC-84BF-4D28-B571-1345FC988C73}.Release|Any CPU.ActiveCfg = Release|Any CPU
		{0520CDEC-84BF-4D28-B571-1345FC988C73}.Release|Any CPU.Build.0 = Release|Any CPU
		{0520CDEC-84BF-4D28-B571-1345FC988C73}.Release|x64.ActiveCfg = Release|x64
		{0520CDEC-84BF-4D28-B571-1345FC988C73}.Release|x64.Build.0 = Release|x64
		{0520CDEC-84BF-4D28-B571-1345FC988C73}.Release|x86.ActiveCfg = Release|x86
		{0520CDEC-84BF-4D28-B571-1345FC988C73}.Release|x86.Build.0 = Release|x86
		{0520CDEC-84BF-4D28-B571-1345FC988C73}.Release|zAny CPU.ActiveCfg = Release|Any CPU
		{0520CDEC-84BF-4D28-B571-1345FC988C73}.Release|zAny CPU.Build.0 = Release|Any CPU
		{D210DD62-0528-4C97-97DD-55066DA44278}.Debug|Any CPU.ActiveCfg = Debug|Any CPU
		{D210DD62-0528-4C97-97DD-55066DA44278}.Debug|Any CPU.Build.0 = Debug|Any CPU
		{D210DD62-0528-4C97-97DD-55066DA44278}.Debug|x64.ActiveCfg = Debug|x64
		{D210DD62-0528-4C97-97DD-55066DA44278}.Debug|x64.Build.0 = Debug|x64
		{D210DD62-0528-4C97-97DD-55066DA44278}.Debug|x86.ActiveCfg = Debug|x86
		{D210DD62-0528-4C97-97DD-55066DA44278}.Debug|x86.Build.0 = Debug|x86
		{D210DD62-0528-4C97-97DD-55066DA44278}.Debug|zAny CPU.ActiveCfg = Debug|Any CPU
		{D210DD62-0528-4C97-97DD-55066DA44278}.Debug|zAny CPU.Build.0 = Debug|Any CPU
		{D210DD62-0528-4C97-97DD-55066DA44278}.Release|Any CPU.ActiveCfg = Release|Any CPU
		{D210DD62-0528-4C97-97DD-55066DA44278}.Release|Any CPU.Build.0 = Release|Any CPU
		{D210DD62-0528-4C97-97DD-55066DA44278}.Release|x64.ActiveCfg = Release|x64
		{D210DD62-0528-4C97-97DD-55066DA44278}.Release|x64.Build.0 = Release|x64
		{D210DD62-0528-4C97-97DD-55066DA44278}.Release|x86.ActiveCfg = Release|x86
		{D210DD62-0528-4C97-97DD-55066DA44278}.Release|x86.Build.0 = Release|x86
		{D210DD62-0528-4C97-97DD-55066DA44278}.Release|zAny CPU.ActiveCfg = Release|Any CPU
		{D210DD62-0528-4C97-97DD-55066DA44278}.Release|zAny CPU.Build.0 = Release|Any CPU
		{56DF020D-237B-4A85-99DA-8F327C996860}.Debug|Any CPU.ActiveCfg = Debug|Any CPU
		{56DF020D-237B-4A85-99DA-8F327C996860}.Debug|Any CPU.Build.0 = Debug|Any CPU
		{56DF020D-237B-4A85-99DA-8F327C996860}.Debug|x64.ActiveCfg = Debug|x64
		{56DF020D-237B-4A85-99DA-8F327C996860}.Debug|x64.Build.0 = Debug|x64
		{56DF020D-237B-4A85-99DA-8F327C996860}.Debug|x86.ActiveCfg = Debug|x86
		{56DF020D-237B-4A85-99DA-8F327C996860}.Debug|x86.Build.0 = Debug|x86
		{56DF020D-237B-4A85-99DA-8F327C996860}.Debug|zAny CPU.ActiveCfg = Debug|Any CPU
		{56DF020D-237B-4A85-99DA-8F327C996860}.Debug|zAny CPU.Build.0 = Debug|Any CPU
		{56DF020D-237B-4A85-99DA-8F327C996860}.Release|Any CPU.ActiveCfg = Release|Any CPU
		{56DF020D-237B-4A85-99DA-8F327C996860}.Release|Any CPU.Build.0 = Release|Any CPU
		{56DF020D-237B-4A85-99DA-8F327C996860}.Release|x64.ActiveCfg = Release|x64
		{56DF020D-237B-4A85-99DA-8F327C996860}.Release|x64.Build.0 = Release|x64
		{56DF020D-237B-4A85-99DA-8F327C996860}.Release|x86.ActiveCfg = Release|x86
		{56DF020D-237B-4A85-99DA-8F327C996860}.Release|x86.Build.0 = Release|x86
		{56DF020D-237B-4A85-99DA-8F327C996860}.Release|zAny CPU.ActiveCfg = Release|Any CPU
		{56DF020D-237B-4A85-99DA-8F327C996860}.Release|zAny CPU.Build.0 = Release|Any CPU
		{7EE3B892-7237-4745-ABF8-DBF733AFA30D}.Debug|Any CPU.ActiveCfg = Debug|Any CPU
		{7EE3B892-7237-4745-ABF8-DBF733AFA30D}.Debug|Any CPU.Build.0 = Debug|Any CPU
		{7EE3B892-7237-4745-ABF8-DBF733AFA30D}.Debug|x64.ActiveCfg = Debug|x64
		{7EE3B892-7237-4745-ABF8-DBF733AFA30D}.Debug|x64.Build.0 = Debug|x64
		{7EE3B892-7237-4745-ABF8-DBF733AFA30D}.Debug|x86.ActiveCfg = Debug|x86
		{7EE3B892-7237-4745-ABF8-DBF733AFA30D}.Debug|x86.Build.0 = Debug|x86
		{7EE3B892-7237-4745-ABF8-DBF733AFA30D}.Debug|zAny CPU.ActiveCfg = Debug|Any CPU
		{7EE3B892-7237-4745-ABF8-DBF733AFA30D}.Debug|zAny CPU.Build.0 = Debug|Any CPU
		{7EE3B892-7237-4745-ABF8-DBF733AFA30D}.Release|Any CPU.ActiveCfg = Release|Any CPU
		{7EE3B892-7237-4745-ABF8-DBF733AFA30D}.Release|Any CPU.Build.0 = Release|Any CPU
		{7EE3B892-7237-4745-ABF8-DBF733AFA30D}.Release|x64.ActiveCfg = Release|x64
		{7EE3B892-7237-4745-ABF8-DBF733AFA30D}.Release|x64.Build.0 = Release|x64
		{7EE3B892-7237-4745-ABF8-DBF733AFA30D}.Release|x86.ActiveCfg = Release|x86
		{7EE3B892-7237-4745-ABF8-DBF733AFA30D}.Release|x86.Build.0 = Release|x86
		{7EE3B892-7237-4745-ABF8-DBF733AFA30D}.Release|zAny CPU.ActiveCfg = Release|Any CPU
		{7EE3B892-7237-4745-ABF8-DBF733AFA30D}.Release|zAny CPU.Build.0 = Release|Any CPU
		{0EA463AD-0542-42B0-A7F7-D50542E2B91A}.Debug|Any CPU.ActiveCfg = Debug|Any CPU
		{0EA463AD-0542-42B0-A7F7-D50542E2B91A}.Debug|Any CPU.Build.0 = Debug|Any CPU
		{0EA463AD-0542-42B0-A7F7-D50542E2B91A}.Debug|x64.ActiveCfg = Debug|x64
		{0EA463AD-0542-42B0-A7F7-D50542E2B91A}.Debug|x64.Build.0 = Debug|x64
		{0EA463AD-0542-42B0-A7F7-D50542E2B91A}.Debug|x86.ActiveCfg = Debug|x86
		{0EA463AD-0542-42B0-A7F7-D50542E2B91A}.Debug|x86.Build.0 = Debug|x86
		{0EA463AD-0542-42B0-A7F7-D50542E2B91A}.Debug|zAny CPU.ActiveCfg = Debug|Any CPU
		{0EA463AD-0542-42B0-A7F7-D50542E2B91A}.Debug|zAny CPU.Build.0 = Debug|Any CPU
		{0EA463AD-0542-42B0-A7F7-D50542E2B91A}.Release|Any CPU.ActiveCfg = Release|Any CPU
		{0EA463AD-0542-42B0-A7F7-D50542E2B91A}.Release|Any CPU.Build.0 = Release|Any CPU
		{0EA463AD-0542-42B0-A7F7-D50542E2B91A}.Release|x64.ActiveCfg = Release|x64
		{0EA463AD-0542-42B0-A7F7-D50542E2B91A}.Release|x64.Build.0 = Release|x64
		{0EA463AD-0542-42B0-A7F7-D50542E2B91A}.Release|x86.ActiveCfg = Release|x86
		{0EA463AD-0542-42B0-A7F7-D50542E2B91A}.Release|x86.Build.0 = Release|x86
		{0EA463AD-0542-42B0-A7F7-D50542E2B91A}.Release|zAny CPU.ActiveCfg = Release|Any CPU
		{0EA463AD-0542-42B0-A7F7-D50542E2B91A}.Release|zAny CPU.Build.0 = Release|Any CPU
		{C06D7758-7BC9-4AE3-97CE-3AD11F5B2C9D}.Debug|Any CPU.ActiveCfg = Debug|Any CPU
		{C06D7758-7BC9-4AE3-97CE-3AD11F5B2C9D}.Debug|Any CPU.Build.0 = Debug|Any CPU
		{C06D7758-7BC9-4AE3-97CE-3AD11F5B2C9D}.Debug|x64.ActiveCfg = Debug|x64
		{C06D7758-7BC9-4AE3-97CE-3AD11F5B2C9D}.Debug|x64.Build.0 = Debug|x64
		{C06D7758-7BC9-4AE3-97CE-3AD11F5B2C9D}.Debug|x86.ActiveCfg = Debug|x86
		{C06D7758-7BC9-4AE3-97CE-3AD11F5B2C9D}.Debug|x86.Build.0 = Debug|x86
		{C06D7758-7BC9-4AE3-97CE-3AD11F5B2C9D}.Debug|zAny CPU.ActiveCfg = Debug|Any CPU
		{C06D7758-7BC9-4AE3-97CE-3AD11F5B2C9D}.Debug|zAny CPU.Build.0 = Debug|Any CPU
		{C06D7758-7BC9-4AE3-97CE-3AD11F5B2C9D}.Release|Any CPU.ActiveCfg = Release|Any CPU
		{C06D7758-7BC9-4AE3-97CE-3AD11F5B2C9D}.Release|Any CPU.Build.0 = Release|Any CPU
		{C06D7758-7BC9-4AE3-97CE-3AD11F5B2C9D}.Release|x64.ActiveCfg = Release|x64
		{C06D7758-7BC9-4AE3-97CE-3AD11F5B2C9D}.Release|x64.Build.0 = Release|x64
		{C06D7758-7BC9-4AE3-97CE-3AD11F5B2C9D}.Release|x86.ActiveCfg = Release|x86
		{C06D7758-7BC9-4AE3-97CE-3AD11F5B2C9D}.Release|x86.Build.0 = Release|x86
		{C06D7758-7BC9-4AE3-97CE-3AD11F5B2C9D}.Release|zAny CPU.ActiveCfg = Release|Any CPU
		{C06D7758-7BC9-4AE3-97CE-3AD11F5B2C9D}.Release|zAny CPU.Build.0 = Release|Any CPU
		{8666ED2C-331C-4894-8DF2-6ECEC1395F1D}.Debug|Any CPU.ActiveCfg = Debug|Any CPU
		{8666ED2C-331C-4894-8DF2-6ECEC1395F1D}.Debug|Any CPU.Build.0 = Debug|Any CPU
		{8666ED2C-331C-4894-8DF2-6ECEC1395F1D}.Debug|x64.ActiveCfg = Debug|x64
		{8666ED2C-331C-4894-8DF2-6ECEC1395F1D}.Debug|x64.Build.0 = Debug|x64
		{8666ED2C-331C-4894-8DF2-6ECEC1395F1D}.Debug|x86.ActiveCfg = Debug|x86
		{8666ED2C-331C-4894-8DF2-6ECEC1395F1D}.Debug|x86.Build.0 = Debug|x86
		{8666ED2C-331C-4894-8DF2-6ECEC1395F1D}.Debug|zAny CPU.ActiveCfg = Debug|Any CPU
		{8666ED2C-331C-4894-8DF2-6ECEC1395F1D}.Debug|zAny CPU.Build.0 = Debug|Any CPU
		{8666ED2C-331C-4894-8DF2-6ECEC1395F1D}.Release|Any CPU.ActiveCfg = Release|Any CPU
		{8666ED2C-331C-4894-8DF2-6ECEC1395F1D}.Release|Any CPU.Build.0 = Release|Any CPU
		{8666ED2C-331C-4894-8DF2-6ECEC1395F1D}.Release|x64.ActiveCfg = Release|x64
		{8666ED2C-331C-4894-8DF2-6ECEC1395F1D}.Release|x64.Build.0 = Release|x64
		{8666ED2C-331C-4894-8DF2-6ECEC1395F1D}.Release|x86.ActiveCfg = Release|x86
		{8666ED2C-331C-4894-8DF2-6ECEC1395F1D}.Release|x86.Build.0 = Release|x86
		{8666ED2C-331C-4894-8DF2-6ECEC1395F1D}.Release|zAny CPU.ActiveCfg = Release|Any CPU
		{8666ED2C-331C-4894-8DF2-6ECEC1395F1D}.Release|zAny CPU.Build.0 = Release|Any CPU
	EndGlobalSection
	GlobalSection(SolutionProperties) = preSolution
		HideSolutionNode = FALSE
	EndGlobalSection
	GlobalSection(ExtensibilityGlobals) = postSolution
		SolutionGuid = {05248AAB-5C8E-4B02-860A-BEEA0BD77D10}
	EndGlobalSection
EndGlobal
