Microsoft Visual Studio Solution File, Format Version 12.00
# Visual Studio 15
VisualStudioVersion = 15.0.27703.2026
MinimumVisualStudioVersion = 10.0.40219.1
Project("{8BC9CEB8-8B4A-11D0-8D11-00A0C91BC942}") = "GetDocumentType", "cpp\VS\GetDocumentType.vcxproj", "{37006242-6AF5-423F-8816-D5DAB5DAFFA1}"
EndProject
Project("{8BC9CEB8-8B4A-11D0-8D11-00A0C91BC942}") = "ConvertDocumentToUnicode", "cpp\VS\ConvertDocumentToUnicode.vcxproj", "{37006242-6AF5-423F-8816-D5DAB5DAFFA2}"
EndProject
Project("{8BC9CEB8-8B4A-11D0-8D11-00A0C91BC942}") = "ConvertDocumentToUTF8", "cpp\VS\ConvertDocumentToUTF8.vcxproj", "{37006242-6AF5-423F-8816-D5DAB5DAFFA3}"
EndProject
Project("{8BC9CEB8-8B4A-11D0-8D11-00A0C91BC942}") = "ConvertDocumentToXML", "cpp\VS\ConvertDocumentToXML.vcxproj", "{37006242-6AF5-423F-8816-D5DAB5DAFFA4}"
EndProject
Project("{8BC9CEB8-8B4A-11D0-8D11-00A0C91BC942}") = "ConvertDocumentToPDF", "cpp\VS\ConvertDocumentToPDF.vcxproj", "{1AC3B29E-2142-4F71-9AF7-525D4C50F8F2}"
EndProject
Project("{8BC9CEB8-8B4A-11D0-8D11-00A0C91BC942}") = "ConvertDocumentToPNG", "cpp\VS\ConvertDocumentToPNG.vcxproj", "{55F9505F-91B8-42A3-A04D-8947DEE555B3}"
EndProject
Project("{8BC9CEB8-8B4A-11D0-8D11-00A0C91BC942}") = "ConvertDocumentToTIFF", "cpp\VS\ConvertDocumentToTIFF.vcxproj", "{39CBF571-241F-4AA8-A021-73306736F0B5}"
EndProject
Project("{8BC9CEB8-8B4A-11D0-8D11-00A0C91BC942}") = "ConvertDocumentToThumbnail", "cpp\VS\ConvertDocumentToThumbnail.vcxproj", "{0937D572-8EBE-4630-9DA2-ECF64062CC2D}"
EndProject
Project("{8BC9CEB8-8B4A-11D0-8D11-00A0C91BC942}") = "ConvertDocumentToStructuredXML", "cpp\VS\ConvertDocumentToStructuredXML.vcxproj", "{1C847759-148E-48B3-BA57-548F47371C7A}"
EndProject
Project("{8BC9CEB8-8B4A-11D0-8D11-00A0C91BC942}") = "ConvertDocumentToClassicHTML", "cpp\VS\ConvertDocumentToClassicHTML.vcxproj", "{37006242-6AF5-423F-8816-D5DAB5DAFFA5}"
EndProject
Project("{8BC9CEB8-8B4A-11D0-8D11-00A0C91BC942}") = "ConvertDocumentToHDHTML", "cpp\VS\ConvertDocumentToHDHTML.vcxproj", "{69E9148D-F4F0-4F09-B04C-B498BD5F4589}"
EndProject
Project("{8BC9CEB8-8B4A-11D0-8D11-00A0C91BC942}") = "WatermarkDocument", "cpp\VS\WatermarkDocument.vcxproj", "{5F1E5F67-2FD0-454B-B5CC-0818FB44547D}"
EndProject
Project("{8BC9CEB8-8B4A-11D0-8D11-00A0C91BC942}") = "GetDocumentWords", "cpp\VS\GetDocumentWords.vcxproj", "{CD79F2DD-6081-41F7-9684-CBFA8EFE3013}"
EndProject
Project("{8BC9CEB8-8B4A-11D0-8D11-00A0C91BC942}") = "ConvertDocumentToTIFFStream", "cpp\VS\ConvertDocumentToTIFFStream.vcxproj", "{9DBE69E3-642A-4E57-82BA-59F68FDCA03E}"
EndProject
Project("{8BC9CEB8-8B4A-11D0-8D11-00A0C91BC942}") = "ConvertDocumentToInteractiveHDHTML", "cpp\VS\ConvertDocumentToInteractiveHDHTML.vcxproj", "{69E9148D-F4F0-4F09-B04C-C498BD5F4589}"
EndProject
Project("{8BC9CEB8-8B4A-11D0-8D11-00A0C91BC942}") = "ConvertDocumentToPostscript", "cpp\VS\ConvertDocumentToPostscript.vcxproj", "{92DAFBE6-A41C-4DB6-B4E7-269607D27FE7}"
EndProject
Project("{8BC9CEB8-8B4A-11D0-8D11-00A0C91BC942}") = "ConvertDocumentToSVG", "cpp\VS\ConvertDocumentToSVG.vcxproj", "{F5C1EEF3-F920-4750-90A6-3E3341885934}"
EndProject
Project("{8BC9CEB8-8B4A-11D0-8D11-00A0C91BC942}") = "Hyland.DocumentFilters", "cpp\VS\Hyland.DocumentFilters.vcxproj", "{9E431A85-F57C-4B49-B4CA-F9D6AC4504C6}"
EndProject
Global
	GlobalSection(SolutionConfigurationPlatforms) = preSolution
		Debug|Win32 = Debug|Win32
		Debug|x64 = Debug|x64
		Release|Win32 = Release|Win32
		Release|x64 = Release|x64
	EndGlobalSection
	GlobalSection(ProjectConfigurationPlatforms) = postSolution
		{37006242-6AF5-423F-8816-D5DAB5DAFFA1}.Debug|Win32.ActiveCfg = Debug|Win32
		{37006242-6AF5-423F-8816-D5DAB5DAFFA1}.Debug|Win32.Build.0 = Debug|Win32
		{37006242-6AF5-423F-8816-D5DAB5DAFFA1}.Debug|x64.ActiveCfg = Debug|x64
		{37006242-6AF5-423F-8816-D5DAB5DAFFA1}.Debug|x64.Build.0 = Debug|x64
		{37006242-6AF5-423F-8816-D5DAB5DAFFA1}.Release|Win32.ActiveCfg = Release|Win32
		{37006242-6AF5-423F-8816-D5DAB5DAFFA1}.Release|Win32.Build.0 = Release|Win32
		{37006242-6AF5-423F-8816-D5DAB5DAFFA1}.Release|x64.ActiveCfg = Release|x64
		{37006242-6AF5-423F-8816-D5DAB5DAFFA1}.Release|x64.Build.0 = Release|x64
		{37006242-6AF5-423F-8816-D5DAB5DAFFA2}.Debug|Win32.ActiveCfg = Debug|Win32
		{37006242-6AF5-423F-8816-D5DAB5DAFFA2}.Debug|Win32.Build.0 = Debug|Win32
		{37006242-6AF5-423F-8816-D5DAB5DAFFA2}.Debug|x64.ActiveCfg = Debug|x64
		{37006242-6AF5-423F-8816-D5DAB5DAFFA2}.Debug|x64.Build.0 = Debug|x64
		{37006242-6AF5-423F-8816-D5DAB5DAFFA2}.Release|Win32.ActiveCfg = Release|Win32
		{37006242-6AF5-423F-8816-D5DAB5DAFFA2}.Release|Win32.Build.0 = Release|Win32
		{37006242-6AF5-423F-8816-D5DAB5DAFFA2}.Release|x64.ActiveCfg = Release|x64
		{37006242-6AF5-423F-8816-D5DAB5DAFFA2}.Release|x64.Build.0 = Release|x64
		{37006242-6AF5-423F-8816-D5DAB5DAFFA3}.Debug|Win32.ActiveCfg = Debug|Win32
		{37006242-6AF5-423F-8816-D5DAB5DAFFA3}.Debug|Win32.Build.0 = Debug|Win32
		{37006242-6AF5-423F-8816-D5DAB5DAFFA3}.Debug|x64.ActiveCfg = Debug|x64
		{37006242-6AF5-423F-8816-D5DAB5DAFFA3}.Debug|x64.Build.0 = Debug|x64
		{37006242-6AF5-423F-8816-D5DAB5DAFFA3}.Release|Win32.ActiveCfg = Release|Win32
		{37006242-6AF5-423F-8816-D5DAB5DAFFA3}.Release|Win32.Build.0 = Release|Win32
		{37006242-6AF5-423F-8816-D5DAB5DAFFA3}.Release|x64.ActiveCfg = Release|x64
		{37006242-6AF5-423F-8816-D5DAB5DAFFA3}.Release|x64.Build.0 = Release|x64
		{37006242-6AF5-423F-8816-D5DAB5DAFFA4}.Debug|Win32.ActiveCfg = Debug|Win32
		{37006242-6AF5-423F-8816-D5DAB5DAFFA4}.Debug|Win32.Build.0 = Debug|Win32
		{37006242-6AF5-423F-8816-D5DAB5DAFFA4}.Debug|x64.ActiveCfg = Debug|x64
		{37006242-6AF5-423F-8816-D5DAB5DAFFA4}.Debug|x64.Build.0 = Debug|x64
		{37006242-6AF5-423F-8816-D5DAB5DAFFA4}.Release|Win32.ActiveCfg = Release|Win32
		{37006242-6AF5-423F-8816-D5DAB5DAFFA4}.Release|Win32.Build.0 = Release|Win32
		{37006242-6AF5-423F-8816-D5DAB5DAFFA4}.Release|x64.ActiveCfg = Release|x64
		{37006242-6AF5-423F-8816-D5DAB5DAFFA4}.Release|x64.Build.0 = Release|x64
		{1AC3B29E-2142-4F71-9AF7-525D4C50F8F2}.Debug|Win32.ActiveCfg = Debug|Win32
		{1AC3B29E-2142-4F71-9AF7-525D4C50F8F2}.Debug|Win32.Build.0 = Debug|Win32
		{1AC3B29E-2142-4F71-9AF7-525D4C50F8F2}.Debug|x64.ActiveCfg = Debug|x64
		{1AC3B29E-2142-4F71-9AF7-525D4C50F8F2}.Debug|x64.Build.0 = Debug|x64
		{1AC3B29E-2142-4F71-9AF7-525D4C50F8F2}.Release|Win32.ActiveCfg = Release|Win32
		{1AC3B29E-2142-4F71-9AF7-525D4C50F8F2}.Release|Win32.Build.0 = Release|Win32
		{1AC3B29E-2142-4F71-9AF7-525D4C50F8F2}.Release|x64.ActiveCfg = Release|x64
		{1AC3B29E-2142-4F71-9AF7-525D4C50F8F2}.Release|x64.Build.0 = Release|x64
		{55F9505F-91B8-42A3-A04D-8947DEE555B3}.Debug|Win32.ActiveCfg = Debug|Win32
		{55F9505F-91B8-42A3-A04D-8947DEE555B3}.Debug|Win32.Build.0 = Debug|Win32
		{55F9505F-91B8-42A3-A04D-8947DEE555B3}.Debug|x64.ActiveCfg = Debug|x64
		{55F9505F-91B8-42A3-A04D-8947DEE555B3}.Debug|x64.Build.0 = Debug|x64
		{55F9505F-91B8-42A3-A04D-8947DEE555B3}.Release|Win32.ActiveCfg = Release|Win32
		{55F9505F-91B8-42A3-A04D-8947DEE555B3}.Release|Win32.Build.0 = Release|Win32
		{55F9505F-91B8-42A3-A04D-8947DEE555B3}.Release|x64.ActiveCfg = Release|x64
		{55F9505F-91B8-42A3-A04D-8947DEE555B3}.Release|x64.Build.0 = Release|x64
		{39CBF571-241F-4AA8-A021-73306736F0B5}.Debug|Win32.ActiveCfg = Debug|Win32
		{39CBF571-241F-4AA8-A021-73306736F0B5}.Debug|Win32.Build.0 = Debug|Win32
		{39CBF571-241F-4AA8-A021-73306736F0B5}.Debug|x64.ActiveCfg = Debug|x64
		{39CBF571-241F-4AA8-A021-73306736F0B5}.Debug|x64.Build.0 = Debug|x64
		{39CBF571-241F-4AA8-A021-73306736F0B5}.Release|Win32.ActiveCfg = Release|Win32
		{39CBF571-241F-4AA8-A021-73306736F0B5}.Release|Win32.Build.0 = Release|Win32
		{39CBF571-241F-4AA8-A021-73306736F0B5}.Release|x64.ActiveCfg = Release|x64
		{39CBF571-241F-4AA8-A021-73306736F0B5}.Release|x64.Build.0 = Release|x64
		{0937D572-8EBE-4630-9DA2-ECF64062CC2D}.Debug|Win32.ActiveCfg = Debug|Win32
		{0937D572-8EBE-4630-9DA2-ECF64062CC2D}.Debug|Win32.Build.0 = Debug|Win32
		{0937D572-8EBE-4630-9DA2-ECF64062CC2D}.Debug|x64.ActiveCfg = Debug|x64
		{0937D572-8EBE-4630-9DA2-ECF64062CC2D}.Debug|x64.Build.0 = Debug|x64
		{0937D572-8EBE-4630-9DA2-ECF64062CC2D}.Release|Win32.ActiveCfg = Release|Win32
		{0937D572-8EBE-4630-9DA2-ECF64062CC2D}.Release|Win32.Build.0 = Release|Win32
		{0937D572-8EBE-4630-9DA2-ECF64062CC2D}.Release|x64.ActiveCfg = Release|x64
		{0937D572-8EBE-4630-9DA2-ECF64062CC2D}.Release|x64.Build.0 = Release|x64
		{1C847759-148E-48B3-BA57-548F47371C7A}.Debug|Win32.ActiveCfg = Debug|Win32
		{1C847759-148E-48B3-BA57-548F47371C7A}.Debug|Win32.Build.0 = Debug|Win32
		{1C847759-148E-48B3-BA57-548F47371C7A}.Debug|x64.ActiveCfg = Debug|x64
		{1C847759-148E-48B3-BA57-548F47371C7A}.Debug|x64.Build.0 = Debug|x64
		{1C847759-148E-48B3-BA57-548F47371C7A}.Release|Win32.ActiveCfg = Release|Win32
		{1C847759-148E-48B3-BA57-548F47371C7A}.Release|Win32.Build.0 = Release|Win32
		{1C847759-148E-48B3-BA57-548F47371C7A}.Release|x64.ActiveCfg = Release|x64
		{1C847759-148E-48B3-BA57-548F47371C7A}.Release|x64.Build.0 = Release|x64
		{37006242-6AF5-423F-8816-D5DAB5DAFFA5}.Debug|Win32.ActiveCfg = Debug|Win32
		{37006242-6AF5-423F-8816-D5DAB5DAFFA5}.Debug|Win32.Build.0 = Debug|Win32
		{37006242-6AF5-423F-8816-D5DAB5DAFFA5}.Debug|x64.ActiveCfg = Debug|x64
		{37006242-6AF5-423F-8816-D5DAB5DAFFA5}.Debug|x64.Build.0 = Debug|x64
		{37006242-6AF5-423F-8816-D5DAB5DAFFA5}.Release|Win32.ActiveCfg = Release|Win32
		{37006242-6AF5-423F-8816-D5DAB5DAFFA5}.Release|Win32.Build.0 = Release|Win32
		{37006242-6AF5-423F-8816-D5DAB5DAFFA5}.Release|x64.ActiveCfg = Release|x64
		{37006242-6AF5-423F-8816-D5DAB5DAFFA5}.Release|x64.Build.0 = Release|x64
		{69E9148D-F4F0-4F09-B04C-B498BD5F4589}.Debug|Win32.ActiveCfg = Debug|Win32
		{69E9148D-F4F0-4F09-B04C-B498BD5F4589}.Debug|Win32.Build.0 = Debug|Win32
		{69E9148D-F4F0-4F09-B04C-B498BD5F4589}.Debug|x64.ActiveCfg = Debug|x64
		{69E9148D-F4F0-4F09-B04C-B498BD5F4589}.Debug|x64.Build.0 = Debug|x64
		{69E9148D-F4F0-4F09-B04C-B498BD5F4589}.Release|Win32.ActiveCfg = Release|Win32
		{69E9148D-F4F0-4F09-B04C-B498BD5F4589}.Release|Win32.Build.0 = Release|Win32
		{69E9148D-F4F0-4F09-B04C-B498BD5F4589}.Release|x64.ActiveCfg = Release|x64
		{69E9148D-F4F0-4F09-B04C-B498BD5F4589}.Release|x64.Build.0 = Release|x64
		{5F1E5F67-2FD0-454B-B5CC-0818FB44547D}.Debug|Win32.ActiveCfg = Debug|Win32
		{5F1E5F67-2FD0-454B-B5CC-0818FB44547D}.Debug|Win32.Build.0 = Debug|Win32
		{5F1E5F67-2FD0-454B-B5CC-0818FB44547D}.Debug|x64.ActiveCfg = Debug|x64
		{5F1E5F67-2FD0-454B-B5CC-0818FB44547D}.Debug|x64.Build.0 = Debug|x64
		{5F1E5F67-2FD0-454B-B5CC-0818FB44547D}.Release|Win32.ActiveCfg = Release|Win32
		{5F1E5F67-2FD0-454B-B5CC-0818FB44547D}.Release|Win32.Build.0 = Release|Win32
		{5F1E5F67-2FD0-454B-B5CC-0818FB44547D}.Release|x64.ActiveCfg = Release|x64
		{5F1E5F67-2FD0-454B-B5CC-0818FB44547D}.Release|x64.Build.0 = Release|x64
		{CD79F2DD-6081-41F7-9684-CBFA8EFE3013}.Debug|Win32.ActiveCfg = Debug|Win32
		{CD79F2DD-6081-41F7-9684-CBFA8EFE3013}.Debug|Win32.Build.0 = Debug|Win32
		{CD79F2DD-6081-41F7-9684-CBFA8EFE3013}.Debug|x64.ActiveCfg = Debug|x64
		{CD79F2DD-6081-41F7-9684-CBFA8EFE3013}.Debug|x64.Build.0 = Debug|x64
		{CD79F2DD-6081-41F7-9684-CBFA8EFE3013}.Release|Win32.ActiveCfg = Release|Win32
		{CD79F2DD-6081-41F7-9684-CBFA8EFE3013}.Release|Win32.Build.0 = Release|Win32
		{CD79F2DD-6081-41F7-9684-CBFA8EFE3013}.Release|x64.ActiveCfg = Release|x64
		{CD79F2DD-6081-41F7-9684-CBFA8EFE3013}.Release|x64.Build.0 = Release|x64
		{9DBE69E3-642A-4E57-82BA-59F68FDCA03E}.Debug|Win32.ActiveCfg = Debug|Win32
		{9DBE69E3-642A-4E57-82BA-59F68FDCA03E}.Debug|Win32.Build.0 = Debug|Win32
		{9DBE69E3-642A-4E57-82BA-59F68FDCA03E}.Debug|x64.ActiveCfg = Debug|x64
		{9DBE69E3-642A-4E57-82BA-59F68FDCA03E}.Debug|x64.Build.0 = Debug|x64
		{9DBE69E3-642A-4E57-82BA-59F68FDCA03E}.Release|Win32.ActiveCfg = Release|Win32
		{9DBE69E3-642A-4E57-82BA-59F68FDCA03E}.Release|Win32.Build.0 = Release|Win32
		{9DBE69E3-642A-4E57-82BA-59F68FDCA03E}.Release|x64.ActiveCfg = Release|x64
		{9DBE69E3-642A-4E57-82BA-59F68FDCA03E}.Release|x64.Build.0 = Release|x64
		{69E9148D-F4F0-4F09-B04C-C498BD5F4589}.Debug|Win32.ActiveCfg = Debug|Win32
		{69E9148D-F4F0-4F09-B04C-C498BD5F4589}.Debug|Win32.Build.0 = Debug|Win32
		{69E9148D-F4F0-4F09-B04C-C498BD5F4589}.Debug|x64.ActiveCfg = Debug|x64
		{69E9148D-F4F0-4F09-B04C-C498BD5F4589}.Debug|x64.Build.0 = Debug|x64
		{69E9148D-F4F0-4F09-B04C-C498BD5F4589}.Release|Win32.ActiveCfg = Release|Win32
		{69E9148D-F4F0-4F09-B04C-C498BD5F4589}.Release|Win32.Build.0 = Release|Win32
		{69E9148D-F4F0-4F09-B04C-C498BD5F4589}.Release|x64.ActiveCfg = Release|x64
		{69E9148D-F4F0-4F09-B04C-C498BD5F4589}.Release|x64.Build.0 = Release|x64
		{92DAFBE6-A41C-4DB6-B4E7-269607D27FE7}.Debug|Win32.ActiveCfg = Debug|Win32
		{92DAFBE6-A41C-4DB6-B4E7-269607D27FE7}.Debug|Win32.Build.0 = Debug|Win32
		{92DAFBE6-A41C-4DB6-B4E7-269607D27FE7}.Debug|x64.ActiveCfg = Debug|x64
		{92DAFBE6-A41C-4DB6-B4E7-269607D27FE7}.Debug|x64.Build.0 = Debug|x64
		{92DAFBE6-A41C-4DB6-B4E7-269607D27FE7}.Release|Win32.ActiveCfg = Release|Win32
		{92DAFBE6-A41C-4DB6-B4E7-269607D27FE7}.Release|Win32.Build.0 = Release|Win32
		{92DAFBE6-A41C-4DB6-B4E7-269607D27FE7}.Release|x64.ActiveCfg = Release|x64
		{92DAFBE6-A41C-4DB6-B4E7-269607D27FE7}.Release|x64.Build.0 = Release|x64
		{F5C1EEF3-F920-4750-90A6-3E3341885934}.Debug|Win32.ActiveCfg = Debug|Win32
		{F5C1EEF3-F920-4750-90A6-3E3341885934}.Debug|Win32.Build.0 = Debug|Win32
		{F5C1EEF3-F920-4750-90A6-3E3341885934}.Debug|x64.ActiveCfg = Debug|x64
		{F5C1EEF3-F920-4750-90A6-3E3341885934}.Debug|x64.Build.0 = Debug|x64
		{F5C1EEF3-F920-4750-90A6-3E3341885934}.Release|Win32.ActiveCfg = Release|Win32
		{F5C1EEF3-F920-4750-90A6-3E3341885934}.Release|Win32.Build.0 = Release|Win32
		{F5C1EEF3-F920-4750-90A6-3E3341885934}.Release|x64.ActiveCfg = Release|x64
		{F5C1EEF3-F920-4750-90A6-3E3341885934}.Release|x64.Build.0 = Release|x64
		{9E431A85-F57C-4B49-B4CA-F9D6AC4504C6}.Debug|Win32.ActiveCfg = Debug|Win32
		{9E431A85-F57C-4B49-B4CA-F9D6AC4504C6}.Debug|Win32.Build.0 = Debug|Win32
		{9E431A85-F57C-4B49-B4CA-F9D6AC4504C6}.Debug|x64.ActiveCfg = Debug|x64
		{9E431A85-F57C-4B49-B4CA-F9D6AC4504C6}.Debug|x64.Build.0 = Debug|x64
		{9E431A85-F57C-4B49-B4CA-F9D6AC4504C6}.Release|Win32.ActiveCfg = Release|Win32
		{9E431A85-F57C-4B49-B4CA-F9D6AC4504C6}.Release|Win32.Build.0 = Release|Win32
		{9E431A85-F57C-4B49-B4CA-F9D6AC4504C6}.Release|x64.ActiveCfg = Release|x64
		{9E431A85-F57C-4B49-B4CA-F9D6AC4504C6}.Release|x64.Build.0 = Release|x64
	EndGlobalSection
	GlobalSection(SolutionProperties) = preSolution
		HideSolutionNode = FALSE
	EndGlobalSection
	GlobalSection(ExtensibilityGlobals) = postSolution
		SolutionGuid = {FF0AA102-490E-4C97-BE9E-8E94364A8895}
	EndGlobalSection
EndGlobal
