
Microsoft Visual Studio Solution File, Format Version 12.00
# Visual Studio Version 17
VisualStudioVersion = 17.3.32811.315
MinimumVisualStudioVersion = 10.0.40219.1
Project("{9A19103F-16F7-4668-BE54-9A1E7A4F7556}") = "ConvertDocument", "ConvertDocument\ConvertDocument.csproj", "{39CEBEDF-F5A0-43FC-B3C6-94303435A3BD}"
EndProject
Project("{9A19103F-16F7-4668-BE54-9A1E7A4F7556}") = "ConvertDocumentToHDHTML", "ConvertDocumentToHDHTML\ConvertDocumentToHDHTML.csproj", "{C251D65A-4F71-427A-9D04-CE3F35F2AFC8}"
EndProject
Project("{9A19103F-16F7-4668-BE54-9A1E7A4F7556}") = "ConvertDocumentToPDF", "ConvertDocumentToPDF\ConvertDocumentToPDF.csproj", "{6E753DBE-9D72-4C1D-AA57-569F06B0BFCD}"
EndProject
Project("{9A19103F-16F7-4668-BE54-9A1E7A4F7556}") = "ConvertDocumentToPNG", "ConvertDocumentToPNG\ConvertDocumentToPNG.csproj", "{7DC14B1E-CEFA-4E0D-8A49-BD19A2F88A63}"
EndProject
Project("{9A19103F-16F7-4668-BE54-9A1E7A4F7556}") = "ConvertDocumentToPostscript", "ConvertDocumentToPostscript\ConvertDocumentToPostscript.csproj", "{682995E6-FF8E-454B-89A6-D6CEAFE1C400}"
EndProject
Project("{9A19103F-16F7-4668-BE54-9A1E7A4F7556}") = "ConvertDocumentToStructuredXML", "ConvertDocumentToStructuredXML\ConvertDocumentToStructuredXML.csproj", "{E37A73AB-D850-4C45-A645-1087D2DDA112}"
EndProject
Project("{9A19103F-16F7-4668-BE54-9A1E7A4F7556}") = "ConvertDocumentToSVG", "ConvertDocumentToSVG\ConvertDocumentToSVG.csproj", "{019E5B99-7335-4C53-816B-85B6E78FC0D1}"
EndProject
Project("{9A19103F-16F7-4668-BE54-9A1E7A4F7556}") = "ConvertDocumentToThumbnail", "ConvertDocumentToThumbnail\ConvertDocumentToThumbnail.csproj", "{764F4617-1F97-45F7-AECC-0EDC85326B95}"
EndProject
Project("{9A19103F-16F7-4668-BE54-9A1E7A4F7556}") = "ConvertDocumentToTIFF", "ConvertDocumentToTIFF\ConvertDocumentToTIFF.csproj", "{61863387-B5B6-4FAC-BD39-57E24770987A}"
EndProject
Project("{9A19103F-16F7-4668-BE54-9A1E7A4F7556}") = "ConvertDocumentToTIFFFromMemory", "ConvertDocumentToTIFFFromMemory\ConvertDocumentToTIFFFromMemory.csproj", "{FDFFF3B9-3B13-4ADD-9D1F-05FE35B36806}"
EndProject
Project("{9A19103F-16F7-4668-BE54-9A1E7A4F7556}") = "ConvertDocumentToTIFFStream", "ConvertDocumentToTIFFStream\ConvertDocumentToTIFFStream.csproj", "{645C785C-0986-41E3-9CBF-9E56DCF2CC9D}"
EndProject
Project("{9A19103F-16F7-4668-BE54-9A1E7A4F7556}") = "ExtractDocumentWords", "GetDocumentWords\ExtractDocumentWords.csproj", "{E52DB0CB-696B-47BA-A6D5-7E305A291BF8}"
EndProject
Project("{9A19103F-16F7-4668-BE54-9A1E7A4F7556}") = "DfSamplesCommon", "DfSamplesCommon\DfSamplesCommon.csproj", "{5ECBCFFA-3E74-4011-9B81-FC8ED389244D}"
EndProject
Project("{2150E333-8FDC-42A3-9474-1A3956D46DE8}") = "Solution Items", "Solution Items", "{2EFA8781-B024-4D79-861E-ACC02C96B7E4}"
	ProjectSection(SolutionItems) = preProject
		.editorconfig = .editorconfig
	EndProjectSection
EndProject
Project("{9A19103F-16F7-4668-BE54-9A1E7A4F7556}") = "CreateBarcode", "CreateBarcode\CreateBarcode.csproj", "{33A38CBD-EF1B-4FA2-ACA1-4CF710C9FD2E}"
EndProject
Project("{9A19103F-16F7-4668-BE54-9A1E7A4F7556}") = "ExtractAnnotations", "ExtractAnnotations\ExtractAnnotations.csproj", "{67A1601F-747F-4327-82D0-3F4BB0869B6E}"
EndProject
Project("{9A19103F-16F7-4668-BE54-9A1E7A4F7556}") = "ExtractForms", "ExtractForms\ExtractForms.csproj", "{DAAA63AC-5E5F-4A21-8502-A075E9AC066C}"
EndProject
Project("{9A19103F-16F7-4668-BE54-9A1E7A4F7556}") = "UpdateForm", "UpdateForm\UpdateForm.csproj", "{E715DD37-5372-471B-B168-C4108CB40049}"
EndProject
Project("{9A19103F-16F7-4668-BE54-9A1E7A4F7556}") = "RedactionDemo", "RedactionDemo\RedactionDemo.csproj", "{C56C16A9-2600-4C86-8475-95188A351970}"
EndProject
Project("{9A19103F-16F7-4668-BE54-9A1E7A4F7556}") = "ExtractSubfiles", "ExtractSubfiles\ExtractSubfiles.csproj", "{0752CB85-6973-4E63-92D3-CBF2863195FC}"
EndProject
Project("{9A19103F-16F7-4668-BE54-9A1E7A4F7556}") = "CombineDocuments", "CombineDocuments\CombineDocuments.csproj", "{5A9A8D26-88DD-4B98-A48C-CADDFDB441C7}"
EndProject
Project("{9A19103F-16F7-4668-BE54-9A1E7A4F7556}") = "MarkupAnnotationsDemo", "MarkupAnnotationsDemo\MarkupAnnotationsDemo.csproj", "{28C10729-6FA1-46B6-95BC-2D5FF7DEFAEE}"
EndProject
Project("{9A19103F-16F7-4668-BE54-9A1E7A4F7556}") = "LocalizeMetadata", "LocalizeMetadata\LocalizeMetadata.csproj", "{633FB8A1-0F4F-4DBF-8701-1064C0FE0697}"
EndProject
Project("{9A19103F-16F7-4668-BE54-9A1E7A4F7556}") = "ConvertDocumentWithComments", "ConvertDocumentWithComments\ConvertDocumentWithComments.csproj", "{3FB9D3CB-0DC4-4552-AF72-03BCF8BC995F}"
EndProject
Project("{9A19103F-16F7-4668-BE54-9A1E7A4F7556}") = "CompareDocuments", "CompareDocuments\CompareDocuments.csproj", "{2480AFF7-C6AC-4BB4-88C0-8C49DE01FA80}"
EndProject
Project("{9A19103F-16F7-4668-BE54-9A1E7A4F7556}") = "ConvertDocumentToUTF8WithOCR", "ConvertDocumentToUTF8WithOCR\ConvertDocumentToUTF8WithOCR.csproj", "{62FE65C8-1CB7-4260-B940-ED47CCD1723E}"
EndProject
Global
	GlobalSection(SolutionConfigurationPlatforms) = preSolution
		Debug|Any CPU = Debug|Any CPU
		Debug|x64 = Debug|x64
		Debug|x86 = Debug|x86
		Release|Any CPU = Release|Any CPU
		Release|x64 = Release|x64
		Release|x86 = Release|x86
	EndGlobalSection
	GlobalSection(ProjectConfigurationPlatforms) = postSolution
		{39CEBEDF-F5A0-43FC-B3C6-94303435A3BD}.Debug|Any CPU.ActiveCfg = Debug|Any CPU
		{39CEBEDF-F5A0-43FC-B3C6-94303435A3BD}.Debug|Any CPU.Build.0 = Debug|Any CPU
		{39CEBEDF-F5A0-43FC-B3C6-94303435A3BD}.Debug|x64.ActiveCfg = Debug|x64
		{39CEBEDF-F5A0-43FC-B3C6-94303435A3BD}.Debug|x64.Build.0 = Debug|x64
		{39CEBEDF-F5A0-43FC-B3C6-94303435A3BD}.Debug|x86.ActiveCfg = Debug|x86
		{39CEBEDF-F5A0-43FC-B3C6-94303435A3BD}.Debug|x86.Build.0 = Debug|x86
		{39CEBEDF-F5A0-43FC-B3C6-94303435A3BD}.Release|Any CPU.ActiveCfg = Release|Any CPU
		{39CEBEDF-F5A0-43FC-B3C6-94303435A3BD}.Release|Any CPU.Build.0 = Release|Any CPU
		{39CEBEDF-F5A0-43FC-B3C6-94303435A3BD}.Release|x64.ActiveCfg = Release|x64
		{39CEBEDF-F5A0-43FC-B3C6-94303435A3BD}.Release|x64.Build.0 = Release|x64
		{39CEBEDF-F5A0-43FC-B3C6-94303435A3BD}.Release|x86.ActiveCfg = Release|x86
		{39CEBEDF-F5A0-43FC-B3C6-94303435A3BD}.Release|x86.Build.0 = Release|x86
		{C251D65A-4F71-427A-9D04-CE3F35F2AFC8}.Debug|Any CPU.ActiveCfg = Debug|Any CPU
		{C251D65A-4F71-427A-9D04-CE3F35F2AFC8}.Debug|Any CPU.Build.0 = Debug|Any CPU
		{C251D65A-4F71-427A-9D04-CE3F35F2AFC8}.Debug|x64.ActiveCfg = Debug|x64
		{C251D65A-4F71-427A-9D04-CE3F35F2AFC8}.Debug|x64.Build.0 = Debug|x64
		{C251D65A-4F71-427A-9D04-CE3F35F2AFC8}.Debug|x86.ActiveCfg = Debug|x86
		{C251D65A-4F71-427A-9D04-CE3F35F2AFC8}.Debug|x86.Build.0 = Debug|x86
		{C251D65A-4F71-427A-9D04-CE3F35F2AFC8}.Release|Any CPU.ActiveCfg = Release|Any CPU
		{C251D65A-4F71-427A-9D04-CE3F35F2AFC8}.Release|Any CPU.Build.0 = Release|Any CPU
		{C251D65A-4F71-427A-9D04-CE3F35F2AFC8}.Release|x64.ActiveCfg = Release|x64
		{C251D65A-4F71-427A-9D04-CE3F35F2AFC8}.Release|x64.Build.0 = Release|x64
		{C251D65A-4F71-427A-9D04-CE3F35F2AFC8}.Release|x86.ActiveCfg = Release|x86
		{C251D65A-4F71-427A-9D04-CE3F35F2AFC8}.Release|x86.Build.0 = Release|x86
		{6E753DBE-9D72-4C1D-AA57-569F06B0BFCD}.Debug|Any CPU.ActiveCfg = Debug|Any CPU
		{6E753DBE-9D72-4C1D-AA57-569F06B0BFCD}.Debug|Any CPU.Build.0 = Debug|Any CPU
		{6E753DBE-9D72-4C1D-AA57-569F06B0BFCD}.Debug|x64.ActiveCfg = Debug|x64
		{6E753DBE-9D72-4C1D-AA57-569F06B0BFCD}.Debug|x64.Build.0 = Debug|x64
		{6E753DBE-9D72-4C1D-AA57-569F06B0BFCD}.Debug|x86.ActiveCfg = Debug|x86
		{6E753DBE-9D72-4C1D-AA57-569F06B0BFCD}.Debug|x86.Build.0 = Debug|x86
		{6E753DBE-9D72-4C1D-AA57-569F06B0BFCD}.Release|Any CPU.ActiveCfg = Release|Any CPU
		{6E753DBE-9D72-4C1D-AA57-569F06B0BFCD}.Release|Any CPU.Build.0 = Release|Any CPU
		{6E753DBE-9D72-4C1D-AA57-569F06B0BFCD}.Release|x64.ActiveCfg = Release|x64
		{6E753DBE-9D72-4C1D-AA57-569F06B0BFCD}.Release|x64.Build.0 = Release|x64
		{6E753DBE-9D72-4C1D-AA57-569F06B0BFCD}.Release|x86.ActiveCfg = Release|x86
		{6E753DBE-9D72-4C1D-AA57-569F06B0BFCD}.Release|x86.Build.0 = Release|x86
		{7DC14B1E-CEFA-4E0D-8A49-BD19A2F88A63}.Debug|Any CPU.ActiveCfg = Debug|Any CPU
		{7DC14B1E-CEFA-4E0D-8A49-BD19A2F88A63}.Debug|Any CPU.Build.0 = Debug|Any CPU
		{7DC14B1E-CEFA-4E0D-8A49-BD19A2F88A63}.Debug|x64.ActiveCfg = Debug|x64
		{7DC14B1E-CEFA-4E0D-8A49-BD19A2F88A63}.Debug|x64.Build.0 = Debug|x64
		{7DC14B1E-CEFA-4E0D-8A49-BD19A2F88A63}.Debug|x86.ActiveCfg = Debug|x86
		{7DC14B1E-CEFA-4E0D-8A49-BD19A2F88A63}.Debug|x86.Build.0 = Debug|x86
		{7DC14B1E-CEFA-4E0D-8A49-BD19A2F88A63}.Release|Any CPU.ActiveCfg = Release|Any CPU
		{7DC14B1E-CEFA-4E0D-8A49-BD19A2F88A63}.Release|Any CPU.Build.0 = Release|Any CPU
		{7DC14B1E-CEFA-4E0D-8A49-BD19A2F88A63}.Release|x64.ActiveCfg = Release|x64
		{7DC14B1E-CEFA-4E0D-8A49-BD19A2F88A63}.Release|x64.Build.0 = Release|x64
		{7DC14B1E-CEFA-4E0D-8A49-BD19A2F88A63}.Release|x86.ActiveCfg = Release|x86
		{7DC14B1E-CEFA-4E0D-8A49-BD19A2F88A63}.Release|x86.Build.0 = Release|x86
		{682995E6-FF8E-454B-89A6-D6CEAFE1C400}.Debug|Any CPU.ActiveCfg = Debug|Any CPU
		{682995E6-FF8E-454B-89A6-D6CEAFE1C400}.Debug|Any CPU.Build.0 = Debug|Any CPU
		{682995E6-FF8E-454B-89A6-D6CEAFE1C400}.Debug|x64.ActiveCfg = Debug|x64
		{682995E6-FF8E-454B-89A6-D6CEAFE1C400}.Debug|x64.Build.0 = Debug|x64
		{682995E6-FF8E-454B-89A6-D6CEAFE1C400}.Debug|x86.ActiveCfg = Debug|x86
		{682995E6-FF8E-454B-89A6-D6CEAFE1C400}.Debug|x86.Build.0 = Debug|x86
		{682995E6-FF8E-454B-89A6-D6CEAFE1C400}.Release|Any CPU.ActiveCfg = Release|Any CPU
		{682995E6-FF8E-454B-89A6-D6CEAFE1C400}.Release|Any CPU.Build.0 = Release|Any CPU
		{682995E6-FF8E-454B-89A6-D6CEAFE1C400}.Release|x64.ActiveCfg = Release|x64
		{682995E6-FF8E-454B-89A6-D6CEAFE1C400}.Release|x64.Build.0 = Release|x64
		{682995E6-FF8E-454B-89A6-D6CEAFE1C400}.Release|x86.ActiveCfg = Release|x86
		{682995E6-FF8E-454B-89A6-D6CEAFE1C400}.Release|x86.Build.0 = Release|x86
		{E37A73AB-D850-4C45-A645-1087D2DDA112}.Debug|Any CPU.ActiveCfg = Debug|Any CPU
		{E37A73AB-D850-4C45-A645-1087D2DDA112}.Debug|Any CPU.Build.0 = Debug|Any CPU
		{E37A73AB-D850-4C45-A645-1087D2DDA112}.Debug|x64.ActiveCfg = Debug|x64
		{E37A73AB-D850-4C45-A645-1087D2DDA112}.Debug|x64.Build.0 = Debug|x64
		{E37A73AB-D850-4C45-A645-1087D2DDA112}.Debug|x86.ActiveCfg = Debug|x86
		{E37A73AB-D850-4C45-A645-1087D2DDA112}.Debug|x86.Build.0 = Debug|x86
		{E37A73AB-D850-4C45-A645-1087D2DDA112}.Release|Any CPU.ActiveCfg = Release|Any CPU
		{E37A73AB-D850-4C45-A645-1087D2DDA112}.Release|Any CPU.Build.0 = Release|Any CPU
		{E37A73AB-D850-4C45-A645-1087D2DDA112}.Release|x64.ActiveCfg = Release|x64
		{E37A73AB-D850-4C45-A645-1087D2DDA112}.Release|x64.Build.0 = Release|x64
		{E37A73AB-D850-4C45-A645-1087D2DDA112}.Release|x86.ActiveCfg = Release|x86
		{E37A73AB-D850-4C45-A645-1087D2DDA112}.Release|x86.Build.0 = Release|x86
		{019E5B99-7335-4C53-816B-85B6E78FC0D1}.Debug|Any CPU.ActiveCfg = Debug|Any CPU
		{019E5B99-7335-4C53-816B-85B6E78FC0D1}.Debug|Any CPU.Build.0 = Debug|Any CPU
		{019E5B99-7335-4C53-816B-85B6E78FC0D1}.Debug|x64.ActiveCfg = Debug|x64
		{019E5B99-7335-4C53-816B-85B6E78FC0D1}.Debug|x64.Build.0 = Debug|x64
		{019E5B99-7335-4C53-816B-85B6E78FC0D1}.Debug|x86.ActiveCfg = Debug|x86
		{019E5B99-7335-4C53-816B-85B6E78FC0D1}.Debug|x86.Build.0 = Debug|x86
		{019E5B99-7335-4C53-816B-85B6E78FC0D1}.Release|Any CPU.ActiveCfg = Release|Any CPU
		{019E5B99-7335-4C53-816B-85B6E78FC0D1}.Release|Any CPU.Build.0 = Release|Any CPU
		{019E5B99-7335-4C53-816B-85B6E78FC0D1}.Release|x64.ActiveCfg = Release|x64
		{019E5B99-7335-4C53-816B-85B6E78FC0D1}.Release|x64.Build.0 = Release|x64
		{019E5B99-7335-4C53-816B-85B6E78FC0D1}.Release|x86.ActiveCfg = Release|x86
		{019E5B99-7335-4C53-816B-85B6E78FC0D1}.Release|x86.Build.0 = Release|x86
		{764F4617-1F97-45F7-AECC-0EDC85326B95}.Debug|Any CPU.ActiveCfg = Debug|Any CPU
		{764F4617-1F97-45F7-AECC-0EDC85326B95}.Debug|Any CPU.Build.0 = Debug|Any CPU
		{764F4617-1F97-45F7-AECC-0EDC85326B95}.Debug|x64.ActiveCfg = Debug|x64
		{764F4617-1F97-45F7-AECC-0EDC85326B95}.Debug|x64.Build.0 = Debug|x64
		{764F4617-1F97-45F7-AECC-0EDC85326B95}.Debug|x86.ActiveCfg = Debug|x86
		{764F4617-1F97-45F7-AECC-0EDC85326B95}.Debug|x86.Build.0 = Debug|x86
		{764F4617-1F97-45F7-AECC-0EDC85326B95}.Release|Any CPU.ActiveCfg = Release|Any CPU
		{764F4617-1F97-45F7-AECC-0EDC85326B95}.Release|Any CPU.Build.0 = Release|Any CPU
		{764F4617-1F97-45F7-AECC-0EDC85326B95}.Release|x64.ActiveCfg = Release|x64
		{764F4617-1F97-45F7-AECC-0EDC85326B95}.Release|x64.Build.0 = Release|x64
		{764F4617-1F97-45F7-AECC-0EDC85326B95}.Release|x86.ActiveCfg = Release|x86
		{764F4617-1F97-45F7-AECC-0EDC85326B95}.Release|x86.Build.0 = Release|x86
		{61863387-B5B6-4FAC-BD39-57E24770987A}.Debug|Any CPU.ActiveCfg = Debug|Any CPU
		{61863387-B5B6-4FAC-BD39-57E24770987A}.Debug|Any CPU.Build.0 = Debug|Any CPU
		{61863387-B5B6-4FAC-BD39-57E24770987A}.Debug|x64.ActiveCfg = Debug|x64
		{61863387-B5B6-4FAC-BD39-57E24770987A}.Debug|x64.Build.0 = Debug|x64
		{61863387-B5B6-4FAC-BD39-57E24770987A}.Debug|x86.ActiveCfg = Debug|x86
		{61863387-B5B6-4FAC-BD39-57E24770987A}.Debug|x86.Build.0 = Debug|x86
		{61863387-B5B6-4FAC-BD39-57E24770987A}.Release|Any CPU.ActiveCfg = Release|Any CPU
		{61863387-B5B6-4FAC-BD39-57E24770987A}.Release|Any CPU.Build.0 = Release|Any CPU
		{61863387-B5B6-4FAC-BD39-57E24770987A}.Release|x64.ActiveCfg = Release|x64
		{61863387-B5B6-4FAC-BD39-57E24770987A}.Release|x64.Build.0 = Release|x64
		{61863387-B5B6-4FAC-BD39-57E24770987A}.Release|x86.ActiveCfg = Release|x86
		{61863387-B5B6-4FAC-BD39-57E24770987A}.Release|x86.Build.0 = Release|x86
		{FDFFF3B9-3B13-4ADD-9D1F-05FE35B36806}.Debug|Any CPU.ActiveCfg = Debug|Any CPU
		{FDFFF3B9-3B13-4ADD-9D1F-05FE35B36806}.Debug|Any CPU.Build.0 = Debug|Any CPU
		{FDFFF3B9-3B13-4ADD-9D1F-05FE35B36806}.Debug|x64.ActiveCfg = Debug|x64
		{FDFFF3B9-3B13-4ADD-9D1F-05FE35B36806}.Debug|x64.Build.0 = Debug|x64
		{FDFFF3B9-3B13-4ADD-9D1F-05FE35B36806}.Debug|x86.ActiveCfg = Debug|x86
		{FDFFF3B9-3B13-4ADD-9D1F-05FE35B36806}.Debug|x86.Build.0 = Debug|x86
		{FDFFF3B9-3B13-4ADD-9D1F-05FE35B36806}.Release|Any CPU.ActiveCfg = Release|Any CPU
		{FDFFF3B9-3B13-4ADD-9D1F-05FE35B36806}.Release|Any CPU.Build.0 = Release|Any CPU
		{FDFFF3B9-3B13-4ADD-9D1F-05FE35B36806}.Release|x64.ActiveCfg = Release|x64
		{FDFFF3B9-3B13-4ADD-9D1F-05FE35B36806}.Release|x64.Build.0 = Release|x64
		{FDFFF3B9-3B13-4ADD-9D1F-05FE35B36806}.Release|x86.ActiveCfg = Release|x86
		{FDFFF3B9-3B13-4ADD-9D1F-05FE35B36806}.Release|x86.Build.0 = Release|x86
		{645C785C-0986-41E3-9CBF-9E56DCF2CC9D}.Debug|Any CPU.ActiveCfg = Debug|Any CPU
		{645C785C-0986-41E3-9CBF-9E56DCF2CC9D}.Debug|Any CPU.Build.0 = Debug|Any CPU
		{645C785C-0986-41E3-9CBF-9E56DCF2CC9D}.Debug|x64.ActiveCfg = Debug|x64
		{645C785C-0986-41E3-9CBF-9E56DCF2CC9D}.Debug|x64.Build.0 = Debug|x64
		{645C785C-0986-41E3-9CBF-9E56DCF2CC9D}.Debug|x86.ActiveCfg = Debug|x86
		{645C785C-0986-41E3-9CBF-9E56DCF2CC9D}.Debug|x86.Build.0 = Debug|x86
		{645C785C-0986-41E3-9CBF-9E56DCF2CC9D}.Release|Any CPU.ActiveCfg = Release|Any CPU
		{645C785C-0986-41E3-9CBF-9E56DCF2CC9D}.Release|Any CPU.Build.0 = Release|Any CPU
		{645C785C-0986-41E3-9CBF-9E56DCF2CC9D}.Release|x64.ActiveCfg = Release|x64
		{645C785C-0986-41E3-9CBF-9E56DCF2CC9D}.Release|x64.Build.0 = Release|x64
		{645C785C-0986-41E3-9CBF-9E56DCF2CC9D}.Release|x86.ActiveCfg = Release|x86
		{645C785C-0986-41E3-9CBF-9E56DCF2CC9D}.Release|x86.Build.0 = Release|x86
		{E52DB0CB-696B-47BA-A6D5-7E305A291BF8}.Debug|Any CPU.ActiveCfg = Debug|Any CPU
		{E52DB0CB-696B-47BA-A6D5-7E305A291BF8}.Debug|Any CPU.Build.0 = Debug|Any CPU
		{E52DB0CB-696B-47BA-A6D5-7E305A291BF8}.Debug|x64.ActiveCfg = Debug|x64
		{E52DB0CB-696B-47BA-A6D5-7E305A291BF8}.Debug|x64.Build.0 = Debug|x64
		{E52DB0CB-696B-47BA-A6D5-7E305A291BF8}.Debug|x86.ActiveCfg = Debug|x86
		{E52DB0CB-696B-47BA-A6D5-7E305A291BF8}.Debug|x86.Build.0 = Debug|x86
		{E52DB0CB-696B-47BA-A6D5-7E305A291BF8}.Release|Any CPU.ActiveCfg = Release|Any CPU
		{E52DB0CB-696B-47BA-A6D5-7E305A291BF8}.Release|Any CPU.Build.0 = Release|Any CPU
		{E52DB0CB-696B-47BA-A6D5-7E305A291BF8}.Release|x64.ActiveCfg = Release|x64
		{E52DB0CB-696B-47BA-A6D5-7E305A291BF8}.Release|x64.Build.0 = Release|x64
		{E52DB0CB-696B-47BA-A6D5-7E305A291BF8}.Release|x86.ActiveCfg = Release|x86
		{E52DB0CB-696B-47BA-A6D5-7E305A291BF8}.Release|x86.Build.0 = Release|x86
		{5ECBCFFA-3E74-4011-9B81-FC8ED389244D}.Debug|Any CPU.ActiveCfg = Debug|Any CPU
		{5ECBCFFA-3E74-4011-9B81-FC8ED389244D}.Debug|Any CPU.Build.0 = Debug|Any CPU
		{5ECBCFFA-3E74-4011-9B81-FC8ED389244D}.Debug|x64.ActiveCfg = Debug|x64
		{5ECBCFFA-3E74-4011-9B81-FC8ED389244D}.Debug|x64.Build.0 = Debug|x64
		{5ECBCFFA-3E74-4011-9B81-FC8ED389244D}.Debug|x86.ActiveCfg = Debug|x86
		{5ECBCFFA-3E74-4011-9B81-FC8ED389244D}.Debug|x86.Build.0 = Debug|x86
		{5ECBCFFA-3E74-4011-9B81-FC8ED389244D}.Release|Any CPU.ActiveCfg = Release|Any CPU
		{5ECBCFFA-3E74-4011-9B81-FC8ED389244D}.Release|Any CPU.Build.0 = Release|Any CPU
		{5ECBCFFA-3E74-4011-9B81-FC8ED389244D}.Release|x64.ActiveCfg = Release|x64
		{5ECBCFFA-3E74-4011-9B81-FC8ED389244D}.Release|x64.Build.0 = Release|x64
		{5ECBCFFA-3E74-4011-9B81-FC8ED389244D}.Release|x86.ActiveCfg = Release|x86
		{5ECBCFFA-3E74-4011-9B81-FC8ED389244D}.Release|x86.Build.0 = Release|x86
		{33A38CBD-EF1B-4FA2-ACA1-4CF710C9FD2E}.Debug|Any CPU.ActiveCfg = Debug|Any CPU
		{33A38CBD-EF1B-4FA2-ACA1-4CF710C9FD2E}.Debug|Any CPU.Build.0 = Debug|Any CPU
		{33A38CBD-EF1B-4FA2-ACA1-4CF710C9FD2E}.Debug|x64.ActiveCfg = Debug|Any CPU
		{33A38CBD-EF1B-4FA2-ACA1-4CF710C9FD2E}.Debug|x64.Build.0 = Debug|Any CPU
		{33A38CBD-EF1B-4FA2-ACA1-4CF710C9FD2E}.Debug|x86.ActiveCfg = Debug|Any CPU
		{33A38CBD-EF1B-4FA2-ACA1-4CF710C9FD2E}.Debug|x86.Build.0 = Debug|Any CPU
		{33A38CBD-EF1B-4FA2-ACA1-4CF710C9FD2E}.Release|Any CPU.ActiveCfg = Release|Any CPU
		{33A38CBD-EF1B-4FA2-ACA1-4CF710C9FD2E}.Release|Any CPU.Build.0 = Release|Any CPU
		{33A38CBD-EF1B-4FA2-ACA1-4CF710C9FD2E}.Release|x64.ActiveCfg = Release|Any CPU
		{33A38CBD-EF1B-4FA2-ACA1-4CF710C9FD2E}.Release|x64.Build.0 = Release|Any CPU
		{33A38CBD-EF1B-4FA2-ACA1-4CF710C9FD2E}.Release|x86.ActiveCfg = Release|Any CPU
		{33A38CBD-EF1B-4FA2-ACA1-4CF710C9FD2E}.Release|x86.Build.0 = Release|Any CPU
		{67A1601F-747F-4327-82D0-3F4BB0869B6E}.Debug|Any CPU.ActiveCfg = Debug|Any CPU
		{67A1601F-747F-4327-82D0-3F4BB0869B6E}.Debug|Any CPU.Build.0 = Debug|Any CPU
		{67A1601F-747F-4327-82D0-3F4BB0869B6E}.Debug|x64.ActiveCfg = Debug|Any CPU
		{67A1601F-747F-4327-82D0-3F4BB0869B6E}.Debug|x64.Build.0 = Debug|Any CPU
		{67A1601F-747F-4327-82D0-3F4BB0869B6E}.Debug|x86.ActiveCfg = Debug|Any CPU
		{67A1601F-747F-4327-82D0-3F4BB0869B6E}.Debug|x86.Build.0 = Debug|Any CPU
		{67A1601F-747F-4327-82D0-3F4BB0869B6E}.Release|Any CPU.ActiveCfg = Release|Any CPU
		{67A1601F-747F-4327-82D0-3F4BB0869B6E}.Release|Any CPU.Build.0 = Release|Any CPU
		{67A1601F-747F-4327-82D0-3F4BB0869B6E}.Release|x64.ActiveCfg = Release|Any CPU
		{67A1601F-747F-4327-82D0-3F4BB0869B6E}.Release|x64.Build.0 = Release|Any CPU
		{67A1601F-747F-4327-82D0-3F4BB0869B6E}.Release|x86.ActiveCfg = Release|Any CPU
		{67A1601F-747F-4327-82D0-3F4BB0869B6E}.Release|x86.Build.0 = Release|Any CPU
		{DAAA63AC-5E5F-4A21-8502-A075E9AC066C}.Debug|Any CPU.ActiveCfg = Debug|Any CPU
		{DAAA63AC-5E5F-4A21-8502-A075E9AC066C}.Debug|Any CPU.Build.0 = Debug|Any CPU
		{DAAA63AC-5E5F-4A21-8502-A075E9AC066C}.Debug|x64.ActiveCfg = Debug|Any CPU
		{DAAA63AC-5E5F-4A21-8502-A075E9AC066C}.Debug|x64.Build.0 = Debug|Any CPU
		{DAAA63AC-5E5F-4A21-8502-A075E9AC066C}.Debug|x86.ActiveCfg = Debug|Any CPU
		{DAAA63AC-5E5F-4A21-8502-A075E9AC066C}.Debug|x86.Build.0 = Debug|Any CPU
		{DAAA63AC-5E5F-4A21-8502-A075E9AC066C}.Release|Any CPU.ActiveCfg = Release|Any CPU
		{DAAA63AC-5E5F-4A21-8502-A075E9AC066C}.Release|Any CPU.Build.0 = Release|Any CPU
		{DAAA63AC-5E5F-4A21-8502-A075E9AC066C}.Release|x64.ActiveCfg = Release|Any CPU
		{DAAA63AC-5E5F-4A21-8502-A075E9AC066C}.Release|x64.Build.0 = Release|Any CPU
		{DAAA63AC-5E5F-4A21-8502-A075E9AC066C}.Release|x86.ActiveCfg = Release|Any CPU
		{DAAA63AC-5E5F-4A21-8502-A075E9AC066C}.Release|x86.Build.0 = Release|Any CPU
		{E715DD37-5372-471B-B168-C4108CB40049}.Debug|Any CPU.ActiveCfg = Debug|Any CPU
		{E715DD37-5372-471B-B168-C4108CB40049}.Debug|Any CPU.Build.0 = Debug|Any CPU
		{E715DD37-5372-471B-B168-C4108CB40049}.Debug|x64.ActiveCfg = Debug|Any CPU
		{E715DD37-5372-471B-B168-C4108CB40049}.Debug|x64.Build.0 = Debug|Any CPU
		{E715DD37-5372-471B-B168-C4108CB40049}.Debug|x86.ActiveCfg = Debug|Any CPU
		{E715DD37-5372-471B-B168-C4108CB40049}.Debug|x86.Build.0 = Debug|Any CPU
		{E715DD37-5372-471B-B168-C4108CB40049}.Release|Any CPU.ActiveCfg = Release|Any CPU
		{E715DD37-5372-471B-B168-C4108CB40049}.Release|Any CPU.Build.0 = Release|Any CPU
		{E715DD37-5372-471B-B168-C4108CB40049}.Release|x64.ActiveCfg = Release|Any CPU
		{E715DD37-5372-471B-B168-C4108CB40049}.Release|x64.Build.0 = Release|Any CPU
		{E715DD37-5372-471B-B168-C4108CB40049}.Release|x86.ActiveCfg = Release|Any CPU
		{E715DD37-5372-471B-B168-C4108CB40049}.Release|x86.Build.0 = Release|Any CPU
		{C56C16A9-2600-4C86-8475-95188A351970}.Debug|Any CPU.ActiveCfg = Debug|Any CPU
		{C56C16A9-2600-4C86-8475-95188A351970}.Debug|Any CPU.Build.0 = Debug|Any CPU
		{C56C16A9-2600-4C86-8475-95188A351970}.Debug|x64.ActiveCfg = Debug|Any CPU
		{C56C16A9-2600-4C86-8475-95188A351970}.Debug|x64.Build.0 = Debug|Any CPU
		{C56C16A9-2600-4C86-8475-95188A351970}.Debug|x86.ActiveCfg = Debug|Any CPU
		{C56C16A9-2600-4C86-8475-95188A351970}.Debug|x86.Build.0 = Debug|Any CPU
		{C56C16A9-2600-4C86-8475-95188A351970}.Release|Any CPU.ActiveCfg = Release|Any CPU
		{C56C16A9-2600-4C86-8475-95188A351970}.Release|Any CPU.Build.0 = Release|Any CPU
		{C56C16A9-2600-4C86-8475-95188A351970}.Release|x64.ActiveCfg = Release|Any CPU
		{C56C16A9-2600-4C86-8475-95188A351970}.Release|x64.Build.0 = Release|Any CPU
		{C56C16A9-2600-4C86-8475-95188A351970}.Release|x86.ActiveCfg = Release|Any CPU
		{C56C16A9-2600-4C86-8475-95188A351970}.Release|x86.Build.0 = Release|Any CPU
		{0752CB85-6973-4E63-92D3-CBF2863195FC}.Debug|Any CPU.ActiveCfg = Debug|Any CPU
		{0752CB85-6973-4E63-92D3-CBF2863195FC}.Debug|Any CPU.Build.0 = Debug|Any CPU
		{0752CB85-6973-4E63-92D3-CBF2863195FC}.Debug|x64.ActiveCfg = Debug|Any CPU
		{0752CB85-6973-4E63-92D3-CBF2863195FC}.Debug|x64.Build.0 = Debug|Any CPU
		{0752CB85-6973-4E63-92D3-CBF2863195FC}.Debug|x86.ActiveCfg = Debug|Any CPU
		{0752CB85-6973-4E63-92D3-CBF2863195FC}.Debug|x86.Build.0 = Debug|Any CPU
		{0752CB85-6973-4E63-92D3-CBF2863195FC}.Release|Any CPU.ActiveCfg = Release|Any CPU
		{0752CB85-6973-4E63-92D3-CBF2863195FC}.Release|Any CPU.Build.0 = Release|Any CPU
		{0752CB85-6973-4E63-92D3-CBF2863195FC}.Release|x64.ActiveCfg = Release|Any CPU
		{0752CB85-6973-4E63-92D3-CBF2863195FC}.Release|x64.Build.0 = Release|Any CPU
		{0752CB85-6973-4E63-92D3-CBF2863195FC}.Release|x86.ActiveCfg = Release|Any CPU
		{0752CB85-6973-4E63-92D3-CBF2863195FC}.Release|x86.Build.0 = Release|Any CPU
		{5A9A8D26-88DD-4B98-A48C-CADDFDB441C7}.Debug|Any CPU.ActiveCfg = Debug|Any CPU
		{5A9A8D26-88DD-4B98-A48C-CADDFDB441C7}.Debug|Any CPU.Build.0 = Debug|Any CPU
		{5A9A8D26-88DD-4B98-A48C-CADDFDB441C7}.Debug|x64.ActiveCfg = Debug|Any CPU
		{5A9A8D26-88DD-4B98-A48C-CADDFDB441C7}.Debug|x64.Build.0 = Debug|Any CPU
		{5A9A8D26-88DD-4B98-A48C-CADDFDB441C7}.Debug|x86.ActiveCfg = Debug|Any CPU
		{5A9A8D26-88DD-4B98-A48C-CADDFDB441C7}.Debug|x86.Build.0 = Debug|Any CPU
		{5A9A8D26-88DD-4B98-A48C-CADDFDB441C7}.Release|Any CPU.ActiveCfg = Release|Any CPU
		{5A9A8D26-88DD-4B98-A48C-CADDFDB441C7}.Release|Any CPU.Build.0 = Release|Any CPU
		{5A9A8D26-88DD-4B98-A48C-CADDFDB441C7}.Release|x64.ActiveCfg = Release|Any CPU
		{5A9A8D26-88DD-4B98-A48C-CADDFDB441C7}.Release|x64.Build.0 = Release|Any CPU
		{5A9A8D26-88DD-4B98-A48C-CADDFDB441C7}.Release|x86.ActiveCfg = Release|Any CPU
		{5A9A8D26-88DD-4B98-A48C-CADDFDB441C7}.Release|x86.Build.0 = Release|Any CPU
		{28C10729-6FA1-46B6-95BC-2D5FF7DEFAEE}.Debug|Any CPU.ActiveCfg = Debug|Any CPU
		{28C10729-6FA1-46B6-95BC-2D5FF7DEFAEE}.Debug|Any CPU.Build.0 = Debug|Any CPU
		{28C10729-6FA1-46B6-95BC-2D5FF7DEFAEE}.Debug|x64.ActiveCfg = Debug|Any CPU
		{28C10729-6FA1-46B6-95BC-2D5FF7DEFAEE}.Debug|x64.Build.0 = Debug|Any CPU
		{28C10729-6FA1-46B6-95BC-2D5FF7DEFAEE}.Debug|x86.ActiveCfg = Debug|Any CPU
		{28C10729-6FA1-46B6-95BC-2D5FF7DEFAEE}.Debug|x86.Build.0 = Debug|Any CPU
		{28C10729-6FA1-46B6-95BC-2D5FF7DEFAEE}.Release|Any CPU.ActiveCfg = Release|Any CPU
		{28C10729-6FA1-46B6-95BC-2D5FF7DEFAEE}.Release|Any CPU.Build.0 = Release|Any CPU
		{28C10729-6FA1-46B6-95BC-2D5FF7DEFAEE}.Release|x64.ActiveCfg = Release|Any CPU
		{28C10729-6FA1-46B6-95BC-2D5FF7DEFAEE}.Release|x64.Build.0 = Release|Any CPU
		{28C10729-6FA1-46B6-95BC-2D5FF7DEFAEE}.Release|x86.ActiveCfg = Release|Any CPU
		{28C10729-6FA1-46B6-95BC-2D5FF7DEFAEE}.Release|x86.Build.0 = Release|Any CPU
		{633FB8A1-0F4F-4DBF-8701-1064C0FE0697}.Debug|Any CPU.ActiveCfg = Debug|Any CPU
		{633FB8A1-0F4F-4DBF-8701-1064C0FE0697}.Debug|Any CPU.Build.0 = Debug|Any CPU
		{633FB8A1-0F4F-4DBF-8701-1064C0FE0697}.Debug|x64.ActiveCfg = Debug|Any CPU
		{633FB8A1-0F4F-4DBF-8701-1064C0FE0697}.Debug|x64.Build.0 = Debug|Any CPU
		{633FB8A1-0F4F-4DBF-8701-1064C0FE0697}.Debug|x86.ActiveCfg = Debug|Any CPU
		{633FB8A1-0F4F-4DBF-8701-1064C0FE0697}.Debug|x86.Build.0 = Debug|Any CPU
		{633FB8A1-0F4F-4DBF-8701-1064C0FE0697}.Release|Any CPU.ActiveCfg = Release|Any CPU
		{633FB8A1-0F4F-4DBF-8701-1064C0FE0697}.Release|Any CPU.Build.0 = Release|Any CPU
		{633FB8A1-0F4F-4DBF-8701-1064C0FE0697}.Release|x64.ActiveCfg = Release|Any CPU
		{633FB8A1-0F4F-4DBF-8701-1064C0FE0697}.Release|x64.Build.0 = Release|Any CPU
		{633FB8A1-0F4F-4DBF-8701-1064C0FE0697}.Release|x86.ActiveCfg = Release|Any CPU
		{633FB8A1-0F4F-4DBF-8701-1064C0FE0697}.Release|x86.Build.0 = Release|Any CPU
		{3FB9D3CB-0DC4-4552-AF72-03BCF8BC995F}.Debug|Any CPU.ActiveCfg = Debug|Any CPU
		{3FB9D3CB-0DC4-4552-AF72-03BCF8BC995F}.Debug|Any CPU.Build.0 = Debug|Any CPU
		{3FB9D3CB-0DC4-4552-AF72-03BCF8BC995F}.Debug|x64.ActiveCfg = Debug|Any CPU
		{3FB9D3CB-0DC4-4552-AF72-03BCF8BC995F}.Debug|x64.Build.0 = Debug|Any CPU
		{3FB9D3CB-0DC4-4552-AF72-03BCF8BC995F}.Debug|x86.ActiveCfg = Debug|Any CPU
		{3FB9D3CB-0DC4-4552-AF72-03BCF8BC995F}.Debug|x86.Build.0 = Debug|Any CPU
		{3FB9D3CB-0DC4-4552-AF72-03BCF8BC995F}.Release|Any CPU.ActiveCfg = Release|Any CPU
		{3FB9D3CB-0DC4-4552-AF72-03BCF8BC995F}.Release|Any CPU.Build.0 = Release|Any CPU
		{3FB9D3CB-0DC4-4552-AF72-03BCF8BC995F}.Release|x64.ActiveCfg = Release|Any CPU
		{3FB9D3CB-0DC4-4552-AF72-03BCF8BC995F}.Release|x64.Build.0 = Release|Any CPU
		{3FB9D3CB-0DC4-4552-AF72-03BCF8BC995F}.Release|x86.ActiveCfg = Release|Any CPU
		{3FB9D3CB-0DC4-4552-AF72-03BCF8BC995F}.Release|x86.Build.0 = Release|Any CPU
		{2480AFF7-C6AC-4BB4-88C0-8C49DE01FA80}.Debug|Any CPU.ActiveCfg = Debug|Any CPU
		{2480AFF7-C6AC-4BB4-88C0-8C49DE01FA80}.Debug|Any CPU.Build.0 = Debug|Any CPU
		{2480AFF7-C6AC-4BB4-88C0-8C49DE01FA80}.Debug|x64.ActiveCfg = Debug|Any CPU
		{2480AFF7-C6AC-4BB4-88C0-8C49DE01FA80}.Debug|x64.Build.0 = Debug|Any CPU
		{2480AFF7-C6AC-4BB4-88C0-8C49DE01FA80}.Debug|x86.ActiveCfg = Debug|Any CPU
		{2480AFF7-C6AC-4BB4-88C0-8C49DE01FA80}.Debug|x86.Build.0 = Debug|Any CPU
		{2480AFF7-C6AC-4BB4-88C0-8C49DE01FA80}.Release|Any CPU.ActiveCfg = Release|Any CPU
		{2480AFF7-C6AC-4BB4-88C0-8C49DE01FA80}.Release|Any CPU.Build.0 = Release|Any CPU
		{2480AFF7-C6AC-4BB4-88C0-8C49DE01FA80}.Release|x64.ActiveCfg = Release|Any CPU
		{2480AFF7-C6AC-4BB4-88C0-8C49DE01FA80}.Release|x64.Build.0 = Release|Any CPU
		{2480AFF7-C6AC-4BB4-88C0-8C49DE01FA80}.Release|x86.ActiveCfg = Release|Any CPU
		{2480AFF7-C6AC-4BB4-88C0-8C49DE01FA80}.Release|x86.Build.0 = Release|Any CPU
		{62FE65C8-1CB7-4260-B940-ED47CCD1723E}.Debug|Any CPU.ActiveCfg = Debug|Any CPU
		{62FE65C8-1CB7-4260-B940-ED47CCD1723E}.Debug|Any CPU.Build.0 = Debug|Any CPU
		{62FE65C8-1CB7-4260-B940-ED47CCD1723E}.Debug|x64.ActiveCfg = Debug|Any CPU
		{62FE65C8-1CB7-4260-B940-ED47CCD1723E}.Debug|x64.Build.0 = Debug|Any CPU
		{62FE65C8-1CB7-4260-B940-ED47CCD1723E}.Debug|x86.ActiveCfg = Debug|Any CPU
		{62FE65C8-1CB7-4260-B940-ED47CCD1723E}.Debug|x86.Build.0 = Debug|Any CPU
		{62FE65C8-1CB7-4260-B940-ED47CCD1723E}.Release|Any CPU.ActiveCfg = Release|Any CPU
		{62FE65C8-1CB7-4260-B940-ED47CCD1723E}.Release|Any CPU.Build.0 = Release|Any CPU
		{62FE65C8-1CB7-4260-B940-ED47CCD1723E}.Release|x64.ActiveCfg = Release|Any CPU
		{62FE65C8-1CB7-4260-B940-ED47CCD1723E}.Release|x64.Build.0 = Release|Any CPU
		{62FE65C8-1CB7-4260-B940-ED47CCD1723E}.Release|x86.ActiveCfg = Release|Any CPU
		{62FE65C8-1CB7-4260-B940-ED47CCD1723E}.Release|x86.Build.0 = Release|Any CPU
	EndGlobalSection
	GlobalSection(SolutionProperties) = preSolution
		HideSolutionNode = FALSE
	EndGlobalSection
	GlobalSection(NestedProjects) = preSolution
		{5ECBCFFA-3E74-4011-9B81-FC8ED389244D} = {2EFA8781-B024-4D79-861E-ACC02C96B7E4}
	EndGlobalSection
	GlobalSection(ExtensibilityGlobals) = postSolution
		SolutionGuid = {59714418-0441-4DCE-A9BE-C604FBD04608}
	EndGlobalSection
EndGlobal
